// !$*UTF8*$!
{
	archiveVersion = 1;
	classes = {
	};
	objectVersion = 46;
	objects = {

/* Begin PBXBuildFile section */
		2CA1CF1174392E1FDB70D8F9 /* Pods_Umalahokan_ServiceProvider_UserInterface.framework in Frameworks */ = {isa = PBXBuildFile; fileRef = 854A95945FE8DFC235176BC7 /* Pods_Umalahokan_ServiceProvider_UserInterface.framework */; };
		8013CC0E194496E999308E9A /* Pods_UserInterfaceTests.framework in Frameworks */ = {isa = PBXBuildFile; fileRef = 9A453FB95E74FB95F305CE27 /* Pods_UserInterfaceTests.framework */; };
		B9CEFD421E94D03400397D61 /* UserInterface.framework in Frameworks */ = {isa = PBXBuildFile; fileRef = B9CEFD381E94D03400397D61 /* UserInterface.framework */; };
		B9CEFD491E94D03400397D61 /* UserInterface.h in Headers */ = {isa = PBXBuildFile; fileRef = B9CEFD3B1E94D03400397D61 /* UserInterface.h */; settings = {ATTRIBUTES = (Public, ); }; };
		B9CEFD541E94D05900397D61 /* LoginViewController.swift in Sources */ = {isa = PBXBuildFile; fileRef = B9CEFD531E94D05900397D61 /* LoginViewController.swift */; };
		B9CEFD581E94D07700397D61 /* Login.framework in Frameworks */ = {isa = PBXBuildFile; fileRef = B9CEFD571E94D07700397D61 /* Login.framework */; };
		B9CEFD5B1E94D5AB00397D61 /* LoginViewControllerTest.swift in Sources */ = {isa = PBXBuildFile; fileRef = B9CEFD5A1E94D5AB00397D61 /* LoginViewControllerTest.swift */; };
/* End PBXBuildFile section */

/* Begin PBXContainerItemProxy section */
		B9CEFD431E94D03400397D61 /* PBXContainerItemProxy */ = {
			isa = PBXContainerItemProxy;
			containerPortal = B9CEFD2F1E94D03400397D61 /* Project object */;
			proxyType = 1;
			remoteGlobalIDString = B9CEFD371E94D03400397D61;
			remoteInfo = UserInterface;
		};
/* End PBXContainerItemProxy section */

/* Begin PBXFileReference section */
		497690DAAF059BF758C147F1 /* Pods_Umalahokan_UserInterface.framework */ = {isa = PBXFileReference; explicitFileType = wrapper.framework; includeInIndex = 0; path = Pods_Umalahokan_UserInterface.framework; sourceTree = BUILT_PRODUCTS_DIR; };
		58A4C1B5EA40E64B5873FEED /* Pods-Umalahokan-ServiceProvider-UserInterface.debug.xcconfig */ = {isa = PBXFileReference; includeInIndex = 1; lastKnownFileType = text.xcconfig; name = "Pods-Umalahokan-ServiceProvider-UserInterface.debug.xcconfig"; path = "../Pods/Target Support Files/Pods-Umalahokan-ServiceProvider-UserInterface/Pods-Umalahokan-ServiceProvider-UserInterface.debug.xcconfig"; sourceTree = "<group>"; };
		5FE4497850B15F3AA60FA98F /* Pods-UserInterfaceTests.debug.xcconfig */ = {isa = PBXFileReference; includeInIndex = 1; lastKnownFileType = text.xcconfig; name = "Pods-UserInterfaceTests.debug.xcconfig"; path = "../Pods/Target Support Files/Pods-UserInterfaceTests/Pods-UserInterfaceTests.debug.xcconfig"; sourceTree = "<group>"; };
		7768E72473C33863DD0AB5A3 /* Pods-Umalahokan-ServiceProvider-UserInterface.release.xcconfig */ = {isa = PBXFileReference; includeInIndex = 1; lastKnownFileType = text.xcconfig; name = "Pods-Umalahokan-ServiceProvider-UserInterface.release.xcconfig"; path = "../Pods/Target Support Files/Pods-Umalahokan-ServiceProvider-UserInterface/Pods-Umalahokan-ServiceProvider-UserInterface.release.xcconfig"; sourceTree = "<group>"; };
		854A95945FE8DFC235176BC7 /* Pods_Umalahokan_ServiceProvider_UserInterface.framework */ = {isa = PBXFileReference; explicitFileType = wrapper.framework; includeInIndex = 0; path = Pods_Umalahokan_ServiceProvider_UserInterface.framework; sourceTree = BUILT_PRODUCTS_DIR; };
		9A453FB95E74FB95F305CE27 /* Pods_UserInterfaceTests.framework */ = {isa = PBXFileReference; explicitFileType = wrapper.framework; includeInIndex = 0; path = Pods_UserInterfaceTests.framework; sourceTree = BUILT_PRODUCTS_DIR; };
		B013B0EEE0A0D4D44975C842 /* Pods-Umalahokan-UserInterface.debug.xcconfig */ = {isa = PBXFileReference; includeInIndex = 1; lastKnownFileType = text.xcconfig; name = "Pods-Umalahokan-UserInterface.debug.xcconfig"; path = "../Pods/Target Support Files/Pods-Umalahokan-UserInterface/Pods-Umalahokan-UserInterface.debug.xcconfig"; sourceTree = "<group>"; };
		B9CEFD381E94D03400397D61 /* UserInterface.framework */ = {isa = PBXFileReference; explicitFileType = wrapper.framework; includeInIndex = 0; path = UserInterface.framework; sourceTree = BUILT_PRODUCTS_DIR; };
		B9CEFD3B1E94D03400397D61 /* UserInterface.h */ = {isa = PBXFileReference; lastKnownFileType = sourcecode.c.h; path = UserInterface.h; sourceTree = "<group>"; };
		B9CEFD3C1E94D03400397D61 /* Info.plist */ = {isa = PBXFileReference; lastKnownFileType = text.plist.xml; path = Info.plist; sourceTree = "<group>"; };
		B9CEFD411E94D03400397D61 /* UserInterfaceTests.xctest */ = {isa = PBXFileReference; explicitFileType = wrapper.cfbundle; includeInIndex = 0; path = UserInterfaceTests.xctest; sourceTree = BUILT_PRODUCTS_DIR; };
		B9CEFD481E94D03400397D61 /* Info.plist */ = {isa = PBXFileReference; lastKnownFileType = text.plist.xml; path = Info.plist; sourceTree = "<group>"; };
		B9CEFD531E94D05900397D61 /* LoginViewController.swift */ = {isa = PBXFileReference; fileEncoding = 4; lastKnownFileType = sourcecode.swift; path = LoginViewController.swift; sourceTree = "<group>"; };
		B9CEFD571E94D07700397D61 /* Login.framework */ = {isa = PBXFileReference; lastKnownFileType = wrapper.framework; name = Login.framework; path = "../../../../../../Library/Developer/Xcode/DerivedData/Umalahokan-fugcbvoipmqliwfxmepdglekpjqz/Build/Products/Debug-iphonesimulator/Login.framework"; sourceTree = "<group>"; };
		B9CEFD5A1E94D5AB00397D61 /* LoginViewControllerTest.swift */ = {isa = PBXFileReference; fileEncoding = 4; lastKnownFileType = sourcecode.swift; path = LoginViewControllerTest.swift; sourceTree = "<group>"; };
		B9CEFD5D1E94D5FE00397D61 /* Viper.framework */ = {isa = PBXFileReference; lastKnownFileType = wrapper.framework; name = Viper.framework; path = "/Users/mounir/Documents/Projects/iOS/me/Umalahokan/Pods/../build/Debug-iphoneos/Viper/Viper.framework"; sourceTree = "<absolute>"; };
		C1C01715632DCAD3CDF8086D /* Pods-UserInterfaceTests.release.xcconfig */ = {isa = PBXFileReference; includeInIndex = 1; lastKnownFileType = text.xcconfig; name = "Pods-UserInterfaceTests.release.xcconfig"; path = "../Pods/Target Support Files/Pods-UserInterfaceTests/Pods-UserInterfaceTests.release.xcconfig"; sourceTree = "<group>"; };
		D6972BC43AF672B1D197C759 /* Pods-Umalahokan-UserInterface.release.xcconfig */ = {isa = PBXFileReference; includeInIndex = 1; lastKnownFileType = text.xcconfig; name = "Pods-Umalahokan-UserInterface.release.xcconfig"; path = "../Pods/Target Support Files/Pods-Umalahokan-UserInterface/Pods-Umalahokan-UserInterface.release.xcconfig"; sourceTree = "<group>"; };
/* End PBXFileReference section */

/* Begin PBXFrameworksBuildPhase section */
		B9CEFD341E94D03400397D61 /* Frameworks */ = {
			isa = PBXFrameworksBuildPhase;
			buildActionMask = 2147483647;
			files = (
				B9CEFD581E94D07700397D61 /* Login.framework in Frameworks */,
				2CA1CF1174392E1FDB70D8F9 /* Pods_Umalahokan_ServiceProvider_UserInterface.framework in Frameworks */,
			);
			runOnlyForDeploymentPostprocessing = 0;
		};
		B9CEFD3E1E94D03400397D61 /* Frameworks */ = {
			isa = PBXFrameworksBuildPhase;
			buildActionMask = 2147483647;
			files = (
				B9CEFD421E94D03400397D61 /* UserInterface.framework in Frameworks */,
				8013CC0E194496E999308E9A /* Pods_UserInterfaceTests.framework in Frameworks */,
			);
			runOnlyForDeploymentPostprocessing = 0;
		};
/* End PBXFrameworksBuildPhase section */

/* Begin PBXGroup section */
		3CAD95CDD5AE6DF381EA48C9 /* Pods */ = {
			isa = PBXGroup;
			children = (
				B013B0EEE0A0D4D44975C842 /* Pods-Umalahokan-UserInterface.debug.xcconfig */,
				D6972BC43AF672B1D197C759 /* Pods-Umalahokan-UserInterface.release.xcconfig */,
				5FE4497850B15F3AA60FA98F /* Pods-UserInterfaceTests.debug.xcconfig */,
				C1C01715632DCAD3CDF8086D /* Pods-UserInterfaceTests.release.xcconfig */,
				58A4C1B5EA40E64B5873FEED /* Pods-Umalahokan-ServiceProvider-UserInterface.debug.xcconfig */,
				7768E72473C33863DD0AB5A3 /* Pods-Umalahokan-ServiceProvider-UserInterface.release.xcconfig */,
			);
			name = Pods;
			sourceTree = "<group>";
		};
		B9CEFD2E1E94D03400397D61 = {
			isa = PBXGroup;
			children = (
				B9CEFD3A1E94D03400397D61 /* UserInterface */,
				B9CEFD451E94D03400397D61 /* UserInterfaceTests */,
				B9CEFD391E94D03400397D61 /* Products */,
				B9CEFD561E94D07700397D61 /* Frameworks */,
				3CAD95CDD5AE6DF381EA48C9 /* Pods */,
			);
			sourceTree = "<group>";
		};
		B9CEFD391E94D03400397D61 /* Products */ = {
			isa = PBXGroup;
			children = (
				B9CEFD381E94D03400397D61 /* UserInterface.framework */,
				B9CEFD411E94D03400397D61 /* UserInterfaceTests.xctest */,
			);
			name = Products;
			sourceTree = "<group>";
		};
		B9CEFD3A1E94D03400397D61 /* UserInterface */ = {
			isa = PBXGroup;
			children = (
				B9CEFD551E94D05F00397D61 /* Login */,
				B9CEFD521E94D04600397D61 /* Support Files */,
			);
			path = UserInterface;
			sourceTree = "<group>";
		};
		B9CEFD451E94D03400397D61 /* UserInterfaceTests */ = {
			isa = PBXGroup;
			children = (
				B9CEFD5C1E94D5B000397D61 /* Login */,
				B9CEFD591E94D54500397D61 /* Support Files */,
			);
			path = UserInterfaceTests;
			sourceTree = "<group>";
		};
		B9CEFD521E94D04600397D61 /* Support Files */ = {
			isa = PBXGroup;
			children = (
				B9CEFD3B1E94D03400397D61 /* UserInterface.h */,
				B9CEFD3C1E94D03400397D61 /* Info.plist */,
			);
			name = "Support Files";
			sourceTree = "<group>";
		};
		B9CEFD551E94D05F00397D61 /* Login */ = {
			isa = PBXGroup;
			children = (
				B9CEFD531E94D05900397D61 /* LoginViewController.swift */,
			);
			name = Login;
			sourceTree = "<group>";
		};
		B9CEFD561E94D07700397D61 /* Frameworks */ = {
			isa = PBXGroup;
			children = (
				B9CEFD5D1E94D5FE00397D61 /* Viper.framework */,
				B9CEFD571E94D07700397D61 /* Login.framework */,
				497690DAAF059BF758C147F1 /* Pods_Umalahokan_UserInterface.framework */,
				9A453FB95E74FB95F305CE27 /* Pods_UserInterfaceTests.framework */,
				854A95945FE8DFC235176BC7 /* Pods_Umalahokan_ServiceProvider_UserInterface.framework */,
			);
			name = Frameworks;
			sourceTree = "<group>";
		};
		B9CEFD591E94D54500397D61 /* Support Files */ = {
			isa = PBXGroup;
			children = (
				B9CEFD481E94D03400397D61 /* Info.plist */,
			);
			name = "Support Files";
			sourceTree = "<group>";
		};
		B9CEFD5C1E94D5B000397D61 /* Login */ = {
			isa = PBXGroup;
			children = (
				B9CEFD5A1E94D5AB00397D61 /* LoginViewControllerTest.swift */,
			);
			name = Login;
			sourceTree = "<group>";
		};
/* End PBXGroup section */

/* Begin PBXHeadersBuildPhase section */
		B9CEFD351E94D03400397D61 /* Headers */ = {
			isa = PBXHeadersBuildPhase;
			buildActionMask = 2147483647;
			files = (
				B9CEFD491E94D03400397D61 /* UserInterface.h in Headers */,
			);
			runOnlyForDeploymentPostprocessing = 0;
		};
/* End PBXHeadersBuildPhase section */

/* Begin PBXNativeTarget section */
		B9CEFD371E94D03400397D61 /* UserInterface */ = {
			isa = PBXNativeTarget;
			buildConfigurationList = B9CEFD4C1E94D03400397D61 /* Build configuration list for PBXNativeTarget "UserInterface" */;
			buildPhases = (
				5FAD76AAB624C9D448124864 /* [CP] Check Pods Manifest.lock */,
				B9CEFD331E94D03400397D61 /* Sources */,
				B9CEFD341E94D03400397D61 /* Frameworks */,
				B9CEFD351E94D03400397D61 /* Headers */,
				B9CEFD361E94D03400397D61 /* Resources */,
				C09366CF109217187EEB7FF7 /* [CP] Copy Pods Resources */,
			);
			buildRules = (
			);
			dependencies = (
			);
			name = UserInterface;
			productName = UserInterface;
			productReference = B9CEFD381E94D03400397D61 /* UserInterface.framework */;
			productType = "com.apple.product-type.framework";
		};
		B9CEFD401E94D03400397D61 /* UserInterfaceTests */ = {
			isa = PBXNativeTarget;
			buildConfigurationList = B9CEFD4F1E94D03400397D61 /* Build configuration list for PBXNativeTarget "UserInterfaceTests" */;
			buildPhases = (
				1B7DC3E2EC6DE01CAC9FFC44 /* [CP] Check Pods Manifest.lock */,
				B9CEFD3D1E94D03400397D61 /* Sources */,
				B9CEFD3E1E94D03400397D61 /* Frameworks */,
				B9CEFD3F1E94D03400397D61 /* Resources */,
				1618A3DE61213816EB4E7D5C /* [CP] Embed Pods Frameworks */,
				42D2901CBE3E89768B2202DF /* [CP] Copy Pods Resources */,
			);
			buildRules = (
			);
			dependencies = (
				B9CEFD441E94D03400397D61 /* PBXTargetDependency */,
			);
			name = UserInterfaceTests;
			productName = UserInterfaceTests;
			productReference = B9CEFD411E94D03400397D61 /* UserInterfaceTests.xctest */;
			productType = "com.apple.product-type.bundle.unit-test";
		};
/* End PBXNativeTarget section */

/* Begin PBXProject section */
		B9CEFD2F1E94D03400397D61 /* Project object */ = {
			isa = PBXProject;
			attributes = {
				LastSwiftUpdateCheck = 0800;
				LastUpgradeCheck = 0800;
				ORGANIZATIONNAME = Ner;
				TargetAttributes = {
					B9CEFD371E94D03400397D61 = {
						CreatedOnToolsVersion = 8.0;
						DevelopmentTeam = 4WBRGV5Z9M;
						LastSwiftMigration = 0800;
						ProvisioningStyle = Automatic;
					};
					B9CEFD401E94D03400397D61 = {
						CreatedOnToolsVersion = 8.0;
						DevelopmentTeam = 4WBRGV5Z9M;
						LastSwiftMigration = 0800;
						ProvisioningStyle = Automatic;
					};
				};
			};
			buildConfigurationList = B9CEFD321E94D03400397D61 /* Build configuration list for PBXProject "UserInterface" */;
			compatibilityVersion = "Xcode 3.2";
			developmentRegion = English;
			hasScannedForEncodings = 0;
			knownRegions = (
				en,
			);
			mainGroup = B9CEFD2E1E94D03400397D61;
			productRefGroup = B9CEFD391E94D03400397D61 /* Products */;
			projectDirPath = "";
			projectRoot = "";
			targets = (
				B9CEFD371E94D03400397D61 /* UserInterface */,
				B9CEFD401E94D03400397D61 /* UserInterfaceTests */,
			);
		};
/* End PBXProject section */

/* Begin PBXResourcesBuildPhase section */
		B9CEFD361E94D03400397D61 /* Resources */ = {
			isa = PBXResourcesBuildPhase;
			buildActionMask = 2147483647;
			files = (
			);
			runOnlyForDeploymentPostprocessing = 0;
		};
		B9CEFD3F1E94D03400397D61 /* Resources */ = {
			isa = PBXResourcesBuildPhase;
			buildActionMask = 2147483647;
			files = (
			);
			runOnlyForDeploymentPostprocessing = 0;
		};
/* End PBXResourcesBuildPhase section */

/* Begin PBXShellScriptBuildPhase section */
		1618A3DE61213816EB4E7D5C /* [CP] Embed Pods Frameworks */ = {
			isa = PBXShellScriptBuildPhase;
			buildActionMask = 2147483647;
			files = (
			);
			inputPaths = (
			);
			name = "[CP] Embed Pods Frameworks";
			outputPaths = (
			);
			runOnlyForDeploymentPostprocessing = 0;
			shellPath = /bin/sh;
			shellScript = "\"${SRCROOT}/../Pods/Target Support Files/Pods-UserInterfaceTests/Pods-UserInterfaceTests-frameworks.sh\"\n";
			showEnvVarsInLog = 0;
		};
		1B7DC3E2EC6DE01CAC9FFC44 /* [CP] Check Pods Manifest.lock */ = {
			isa = PBXShellScriptBuildPhase;
			buildActionMask = 2147483647;
			files = (
			);
			inputPaths = (
			);
			name = "[CP] Check Pods Manifest.lock";
			outputPaths = (
			);
			runOnlyForDeploymentPostprocessing = 0;
			shellPath = /bin/sh;
			shellScript = "diff \"${PODS_ROOT}/../Podfile.lock\" \"${PODS_ROOT}/Manifest.lock\" > /dev/null\nif [ $? != 0 ] ; then\n    # print error to STDERR\n    echo \"error: The sandbox is not in sync with the Podfile.lock. Run 'pod install' or update your CocoaPods installation.\" >&2\n    exit 1\nfi\n";
			showEnvVarsInLog = 0;
		};
		42D2901CBE3E89768B2202DF /* [CP] Copy Pods Resources */ = {
			isa = PBXShellScriptBuildPhase;
			buildActionMask = 2147483647;
			files = (
			);
			inputPaths = (
			);
			name = "[CP] Copy Pods Resources";
			outputPaths = (
			);
			runOnlyForDeploymentPostprocessing = 0;
			shellPath = /bin/sh;
			shellScript = "\"${SRCROOT}/../Pods/Target Support Files/Pods-UserInterfaceTests/Pods-UserInterfaceTests-resources.sh\"\n";
			showEnvVarsInLog = 0;
		};
		5FAD76AAB624C9D448124864 /* [CP] Check Pods Manifest.lock */ = {
			isa = PBXShellScriptBuildPhase;
			buildActionMask = 2147483647;
			files = (
			);
			inputPaths = (
			);
			name = "[CP] Check Pods Manifest.lock";
			outputPaths = (
			);
			runOnlyForDeploymentPostprocessing = 0;
			shellPath = /bin/sh;
			shellScript = "diff \"${PODS_ROOT}/../Podfile.lock\" \"${PODS_ROOT}/Manifest.lock\" > /dev/null\nif [ $? != 0 ] ; then\n    # print error to STDERR\n    echo \"error: The sandbox is not in sync with the Podfile.lock. Run 'pod install' or update your CocoaPods installation.\" >&2\n    exit 1\nfi\n";
			showEnvVarsInLog = 0;
		};
		C09366CF109217187EEB7FF7 /* [CP] Copy Pods Resources */ = {
			isa = PBXShellScriptBuildPhase;
			buildActionMask = 2147483647;
			files = (
			);
			inputPaths = (
			);
			name = "[CP] Copy Pods Resources";
			outputPaths = (
			);
			runOnlyForDeploymentPostprocessing = 0;
			shellPath = /bin/sh;
			shellScript = "\"${SRCROOT}/../Pods/Target Support Files/Pods-Umalahokan-ServiceProvider-UserInterface/Pods-Umalahokan-ServiceProvider-UserInterface-resources.sh\"\n";
			showEnvVarsInLog = 0;
		};
/* End PBXShellScriptBuildPhase section */

/* Begin PBXSourcesBuildPhase section */
		B9CEFD331E94D03400397D61 /* Sources */ = {
			isa = PBXSourcesBuildPhase;
			buildActionMask = 2147483647;
			files = (
				B9CEFD541E94D05900397D61 /* LoginViewController.swift in Sources */,
			);
			runOnlyForDeploymentPostprocessing = 0;
		};
		B9CEFD3D1E94D03400397D61 /* Sources */ = {
			isa = PBXSourcesBuildPhase;
			buildActionMask = 2147483647;
			files = (
				B9CEFD5B1E94D5AB00397D61 /* LoginViewControllerTest.swift in Sources */,
			);
			runOnlyForDeploymentPostprocessing = 0;
		};
/* End PBXSourcesBuildPhase section */

/* Begin PBXTargetDependency section */
		B9CEFD441E94D03400397D61 /* PBXTargetDependency */ = {
			isa = PBXTargetDependency;
			target = B9CEFD371E94D03400397D61 /* UserInterface */;
			targetProxy = B9CEFD431E94D03400397D61 /* PBXContainerItemProxy */;
		};
/* End PBXTargetDependency section */

/* Begin XCBuildConfiguration section */
		B9CEFD4A1E94D03400397D61 /* Debug */ = {
			isa = XCBuildConfiguration;
			buildSettings = {
				ALWAYS_SEARCH_USER_PATHS = NO;
				CLANG_ANALYZER_NONNULL = YES;
				CLANG_CXX_LANGUAGE_STANDARD = "gnu++0x";
				CLANG_CXX_LIBRARY = "libc++";
				CLANG_ENABLE_MODULES = YES;
				CLANG_ENABLE_OBJC_ARC = YES;
				CLANG_WARN_BOOL_CONVERSION = YES;
				CLANG_WARN_CONSTANT_CONVERSION = YES;
				CLANG_WARN_DIRECT_OBJC_ISA_USAGE = YES_ERROR;
				CLANG_WARN_DOCUMENTATION_COMMENTS = YES;
				CLANG_WARN_EMPTY_BODY = YES;
				CLANG_WARN_ENUM_CONVERSION = YES;
				CLANG_WARN_INFINITE_RECURSION = YES;
				CLANG_WARN_INT_CONVERSION = YES;
				CLANG_WARN_OBJC_ROOT_CLASS = YES_ERROR;
				CLANG_WARN_SUSPICIOUS_MOVES = YES;
				CLANG_WARN_UNREACHABLE_CODE = YES;
				CLANG_WARN__DUPLICATE_METHOD_MATCH = YES;
				"CODE_SIGN_IDENTITY[sdk=iphoneos*]" = "iPhone Developer";
				COPY_PHASE_STRIP = NO;
				CURRENT_PROJECT_VERSION = 1;
				DEBUG_INFORMATION_FORMAT = dwarf;
				ENABLE_STRICT_OBJC_MSGSEND = YES;
				ENABLE_TESTABILITY = YES;
				GCC_C_LANGUAGE_STANDARD = gnu99;
				GCC_DYNAMIC_NO_PIC = NO;
				GCC_NO_COMMON_BLOCKS = YES;
				GCC_OPTIMIZATION_LEVEL = 0;
				GCC_PREPROCESSOR_DEFINITIONS = (
					"DEBUG=1",
					"$(inherited)",
				);
				GCC_WARN_64_TO_32_BIT_CONVERSION = YES;
				GCC_WARN_ABOUT_RETURN_TYPE = YES_ERROR;
				GCC_WARN_UNDECLARED_SELECTOR = YES;
				GCC_WARN_UNINITIALIZED_AUTOS = YES_AGGRESSIVE;
				GCC_WARN_UNUSED_FUNCTION = YES;
				GCC_WARN_UNUSED_VARIABLE = YES;
				IPHONEOS_DEPLOYMENT_TARGET = 10.0;
				MTL_ENABLE_DEBUG_INFO = YES;
				ONLY_ACTIVE_ARCH = YES;
				SDKROOT = iphoneos;
				SWIFT_ACTIVE_COMPILATION_CONDITIONS = DEBUG;
				SWIFT_OPTIMIZATION_LEVEL = "-Onone";
				TARGETED_DEVICE_FAMILY = "1,2";
				VERSIONING_SYSTEM = "apple-generic";
				VERSION_INFO_PREFIX = "";
			};
			name = Debug;
		};
		B9CEFD4B1E94D03400397D61 /* Release */ = {
			isa = XCBuildConfiguration;
			buildSettings = {
				ALWAYS_SEARCH_USER_PATHS = NO;
				CLANG_ANALYZER_NONNULL = YES;
				CLANG_CXX_LANGUAGE_STANDARD = "gnu++0x";
				CLANG_CXX_LIBRARY = "libc++";
				CLANG_ENABLE_MODULES = YES;
				CLANG_ENABLE_OBJC_ARC = YES;
				CLANG_WARN_BOOL_CONVERSION = YES;
				CLANG_WARN_CONSTANT_CONVERSION = YES;
				CLANG_WARN_DIRECT_OBJC_ISA_USAGE = YES_ERROR;
				CLANG_WARN_DOCUMENTATION_COMMENTS = YES;
				CLANG_WARN_EMPTY_BODY = YES;
				CLANG_WARN_ENUM_CONVERSION = YES;
				CLANG_WARN_INFINITE_RECURSION = YES;
				CLANG_WARN_INT_CONVERSION = YES;
				CLANG_WARN_OBJC_ROOT_CLASS = YES_ERROR;
				CLANG_WARN_SUSPICIOUS_MOVES = YES;
				CLANG_WARN_UNREACHABLE_CODE = YES;
				CLANG_WARN__DUPLICATE_METHOD_MATCH = YES;
				"CODE_SIGN_IDENTITY[sdk=iphoneos*]" = "iPhone Developer";
				COPY_PHASE_STRIP = NO;
				CURRENT_PROJECT_VERSION = 1;
				DEBUG_INFORMATION_FORMAT = "dwarf-with-dsym";
				ENABLE_NS_ASSERTIONS = NO;
				ENABLE_STRICT_OBJC_MSGSEND = YES;
				GCC_C_LANGUAGE_STANDARD = gnu99;
				GCC_NO_COMMON_BLOCKS = YES;
				GCC_WARN_64_TO_32_BIT_CONVERSION = YES;
				GCC_WARN_ABOUT_RETURN_TYPE = YES_ERROR;
				GCC_WARN_UNDECLARED_SELECTOR = YES;
				GCC_WARN_UNINITIALIZED_AUTOS = YES_AGGRESSIVE;
				GCC_WARN_UNUSED_FUNCTION = YES;
				GCC_WARN_UNUSED_VARIABLE = YES;
				IPHONEOS_DEPLOYMENT_TARGET = 10.0;
				MTL_ENABLE_DEBUG_INFO = NO;
				SDKROOT = iphoneos;
				SWIFT_OPTIMIZATION_LEVEL = "-Owholemodule";
				TARGETED_DEVICE_FAMILY = "1,2";
				VALIDATE_PRODUCT = YES;
				VERSIONING_SYSTEM = "apple-generic";
				VERSION_INFO_PREFIX = "";
			};
			name = Release;
		};
		B9CEFD4D1E94D03400397D61 /* Debug */ = {
			isa = XCBuildConfiguration;
			baseConfigurationReference = 58A4C1B5EA40E64B5873FEED /* Pods-Umalahokan-ServiceProvider-UserInterface.debug.xcconfig */;
			buildSettings = {
				ALWAYS_EMBED_SWIFT_STANDARD_LIBRARIES = NO;
				CLANG_ENABLE_MODULES = YES;
				CODE_SIGN_IDENTITY = "";
				DEFINES_MODULE = YES;
				DEVELOPMENT_TEAM = 4WBRGV5Z9M;
				DYLIB_COMPATIBILITY_VERSION = 1;
				DYLIB_CURRENT_VERSION = 1;
				DYLIB_INSTALL_NAME_BASE = "@rpath";
				INFOPLIST_FILE = UserInterface/Info.plist;
				INSTALL_PATH = "$(LOCAL_LIBRARY_DIR)/Frameworks";
				LD_RUNPATH_SEARCH_PATHS = "$(inherited) @executable_path/Frameworks @loader_path/Frameworks";
				PRODUCT_BUNDLE_IDENTIFIER = com.ner.Umalahokan.UserInterface;
				PRODUCT_NAME = "$(TARGET_NAME)";
				SKIP_INSTALL = YES;
				SWIFT_OPTIMIZATION_LEVEL = "-Onone";
				SWIFT_VERSION = 3.0;
			};
			name = Debug;
		};
		B9CEFD4E1E94D03400397D61 /* Release */ = {
			isa = XCBuildConfiguration;
			baseConfigurationReference = 7768E72473C33863DD0AB5A3 /* Pods-Umalahokan-ServiceProvider-UserInterface.release.xcconfig */;
			buildSettings = {
				ALWAYS_EMBED_SWIFT_STANDARD_LIBRARIES = NO;
				CLANG_ENABLE_MODULES = YES;
				CODE_SIGN_IDENTITY = "";
				DEFINES_MODULE = YES;
				DEVELOPMENT_TEAM = 4WBRGV5Z9M;
				DYLIB_COMPATIBILITY_VERSION = 1;
				DYLIB_CURRENT_VERSION = 1;
				DYLIB_INSTALL_NAME_BASE = "@rpath";
				INFOPLIST_FILE = UserInterface/Info.plist;
				INSTALL_PATH = "$(LOCAL_LIBRARY_DIR)/Frameworks";
				LD_RUNPATH_SEARCH_PATHS = "$(inherited) @executable_path/Frameworks @loader_path/Frameworks";
				PRODUCT_BUNDLE_IDENTIFIER = com.ner.Umalahokan.UserInterface;
				PRODUCT_NAME = "$(TARGET_NAME)";
				SKIP_INSTALL = YES;
				SWIFT_VERSION = 3.0;
			};
			name = Release;
		};
		B9CEFD501E94D03400397D61 /* Debug */ = {
			isa = XCBuildConfiguration;
			baseConfigurationReference = 5FE4497850B15F3AA60FA98F /* Pods-UserInterfaceTests.debug.xcconfig */;
			buildSettings = {
				ALWAYS_EMBED_SWIFT_STANDARD_LIBRARIES = "$(inherited)";
				CLANG_ENABLE_MODULES = YES;
				DEVELOPMENT_TEAM = 4WBRGV5Z9M;
				INFOPLIST_FILE = UserInterfaceTests/Info.plist;
				LD_RUNPATH_SEARCH_PATHS = "$(inherited) @executable_path/Frameworks @loader_path/Frameworks";
				PRODUCT_BUNDLE_IDENTIFIER = com.ner.Umalahokan.UserInterfaceTests;
				PRODUCT_NAME = "$(TARGET_NAME)";
				SWIFT_OPTIMIZATION_LEVEL = "-Onone";
				SWIFT_VERSION = 3.0;
			};
			name = Debug;
		};
		B9CEFD511E94D03400397D61 /* Release */ = {
			isa = XCBuildConfiguration;
			baseConfigurationReference = C1C01715632DCAD3CDF8086D /* Pods-UserInterfaceTests.release.xcconfig */;
			buildSettings = {
				ALWAYS_EMBED_SWIFT_STANDARD_LIBRARIES = "$(inherited)";
				CLANG_ENABLE_MODULES = YES;
				DEVELOPMENT_TEAM = 4WBRGV5Z9M;
				INFOPLIST_FILE = UserInterfaceTests/Info.plist;
				LD_RUNPATH_SEARCH_PATHS = "$(inherited) @executable_path/Frameworks @loader_path/Frameworks";
				PRODUCT_BUNDLE_IDENTIFIER = com.ner.Umalahokan.UserInterfaceTests;
				PRODUCT_NAME = "$(TARGET_NAME)";
				SWIFT_VERSION = 3.0;
			};
			name = Release;
		};
/* End XCBuildConfiguration section */

/* Begin XCConfigurationList section */
		B9CEFD321E94D03400397D61 /* Build configuration list for PBXProject "UserInterface" */ = {
			isa = XCConfigurationList;
			buildConfigurations = (
				B9CEFD4A1E94D03400397D61 /* Debug */,
				B9CEFD4B1E94D03400397D61 /* Release */,
			);
			defaultConfigurationIsVisible = 0;
			defaultConfigurationName = Release;
		};
		B9CEFD4C1E94D03400397D61 /* Build configuration list for PBXNativeTarget "UserInterface" */ = {
			isa = XCConfigurationList;
			buildConfigurations = (
				B9CEFD4D1E94D03400397D61 /* Debug */,
				B9CEFD4E1E94D03400397D61 /* Release */,
			);
			defaultConfigurationIsVisible = 0;
			defaultConfigurationName = Release;
		};
		B9CEFD4F1E94D03400397D61 /* Build configuration list for PBXNativeTarget "UserInterfaceTests" */ = {
			isa = XCConfigurationList;
			buildConfigurations = (
				B9CEFD501E94D03400397D61 /* Debug */,
				B9CEFD511E94D03400397D61 /* Release */,
			);
			defaultConfigurationIsVisible = 0;
			defaultConfigurationName = Release;
		};
/* End XCConfigurationList section */
	};
	rootObject = B9CEFD2F1E94D03400397D61 /* Project object */;
}
