// !$*UTF8*$!
{
	archiveVersion = 1;
	classes = {
	};
	objectVersion = 46;
	objects = {

/* Begin PBXBuildFile section */
		244BF0B959FD8FB72C89699C /* Pods_UmalahokanTests.framework in Frameworks */ = {isa = PBXBuildFile; fileRef = B455F2A0F271F3CED50EF001 /* Pods_UmalahokanTests.framework */; };
		61E1F5874B372642A1003986 /* Pods_UmalahokanUITests.framework in Frameworks */ = {isa = PBXBuildFile; fileRef = 4B6E413F3432D917B94F64CA /* Pods_UmalahokanUITests.framework */; };
		963A4E2B8D99DE4630292989 /* Pods_Umalahokan.framework in Frameworks */ = {isa = PBXBuildFile; fileRef = 82494C5F8B149F17B4A2AFBF /* Pods_Umalahokan.framework */; };
		B905834D1E7796DA00B18334 /* UITheme.swift in Sources */ = {isa = PBXBuildFile; fileRef = B905834C1E7796DA00B18334 /* UITheme.swift */; };
		B9086EB31E3EEFFB003AECC4 /* Main.storyboard in Resources */ = {isa = PBXBuildFile; fileRef = B9086EB11E3EEFFB003AECC4 /* Main.storyboard */; };
		B9086EB81E3EEFFB003AECC4 /* Assets.xcassets in Resources */ = {isa = PBXBuildFile; fileRef = B9086EB71E3EEFFB003AECC4 /* Assets.xcassets */; };
		B9086EBB1E3EEFFB003AECC4 /* LaunchScreen.storyboard in Resources */ = {isa = PBXBuildFile; fileRef = B9086EB91E3EEFFB003AECC4 /* LaunchScreen.storyboard */; };
		B9086EC61E3EEFFB003AECC4 /* UmalahokanTests.swift in Sources */ = {isa = PBXBuildFile; fileRef = B9086EC51E3EEFFB003AECC4 /* UmalahokanTests.swift */; };
		B9086ED11E3EEFFB003AECC4 /* UmalahokanUITests.swift in Sources */ = {isa = PBXBuildFile; fileRef = B9086ED01E3EEFFB003AECC4 /* UmalahokanUITests.swift */; };
		B90D11D51E40694C003A681B /* RecentChatCell.swift in Sources */ = {isa = PBXBuildFile; fileRef = B90D11D41E40694C003A681B /* RecentChatCell.swift */; };
		B9164A741E542C50006D22E2 /* MessageWriterTransitioning.swift in Sources */ = {isa = PBXBuildFile; fileRef = B9164A731E542C50006D22E2 /* MessageWriterTransitioning.swift */; };
		B91792301E4AECE4007F1BB8 /* KeyboardHandler.swift in Sources */ = {isa = PBXBuildFile; fileRef = B917922F1E4AECE4007F1BB8 /* KeyboardHandler.swift */; };
		B9355E071E40454400086815 /* RecentChatView.swift in Sources */ = {isa = PBXBuildFile; fileRef = B9355E061E40454400086815 /* RecentChatView.swift */; };
		B9355E091E40457D00086815 /* RecentChatTopBar.swift in Sources */ = {isa = PBXBuildFile; fileRef = B9355E081E40457D00086815 /* RecentChatTopBar.swift */; };
		B97264371E7CDE6D00A49B50 /* ChatMessageCell.swift in Sources */ = {isa = PBXBuildFile; fileRef = B97264361E7CDE6D00A49B50 /* ChatMessageCell.swift */; };
		B97264391E7CE05100A49B50 /* ChatMessageCellItem.swift in Sources */ = {isa = PBXBuildFile; fileRef = B97264381E7CE05100A49B50 /* ChatMessageCellItem.swift */; };
		B972643B1E7CE5A300A49B50 /* ChatViewItem.swift in Sources */ = {isa = PBXBuildFile; fileRef = B972643A1E7CE5A300A49B50 /* ChatViewItem.swift */; };
		B972643D1E7CE8F500A49B50 /* RecentChatDisplayData.swift in Sources */ = {isa = PBXBuildFile; fileRef = B972643C1E7CE8F500A49B50 /* RecentChatDisplayData.swift */; };
		B97264411E7CEBDA00A49B50 /* RecentChatCellItem.swift in Sources */ = {isa = PBXBuildFile; fileRef = B97264401E7CEBDA00A49B50 /* RecentChatCellItem.swift */; };
		B97264451E7D113600A49B50 /* ContactListCellItem.swift in Sources */ = {isa = PBXBuildFile; fileRef = B97264441E7D113600A49B50 /* ContactListCellItem.swift */; };
		B97264471E7D120900A49B50 /* ContactListDisplayData.swift in Sources */ = {isa = PBXBuildFile; fileRef = B97264461E7D120900A49B50 /* ContactListDisplayData.swift */; };
		B97264491E7D15D000A49B50 /* RecentChatViewItem.swift in Sources */ = {isa = PBXBuildFile; fileRef = B97264481E7D15D000A49B50 /* RecentChatViewItem.swift */; };
		B98C12021E7F6CF30072B440 /* SendView.swift in Sources */ = {isa = PBXBuildFile; fileRef = B98C12011E7F6CF30072B440 /* SendView.swift */; };
		B98C12041E7F7F290072B440 /* UmalahokanTextView.swift in Sources */ = {isa = PBXBuildFile; fileRef = B98C12031E7F7F290072B440 /* UmalahokanTextView.swift */; };
		B98C12061E7F9B370072B440 /* MessageWriterView.swift in Sources */ = {isa = PBXBuildFile; fileRef = B98C12051E7F9B370072B440 /* MessageWriterView.swift */; };
		B992500E1E4DA5A800DF5C23 /* CALayerExtension.swift in Sources */ = {isa = PBXBuildFile; fileRef = B992500D1E4DA5A800DF5C23 /* CALayerExtension.swift */; };
		B992FCEC1E4EBFFA000C694B /* ContactListViewController.swift in Sources */ = {isa = PBXBuildFile; fileRef = B992FCEB1E4EBFFA000C694B /* ContactListViewController.swift */; };
		B992FCEE1E4EC018000C694B /* ContactListView.swift in Sources */ = {isa = PBXBuildFile; fileRef = B992FCED1E4EC018000C694B /* ContactListView.swift */; };
		B992FCF01E4EC298000C694B /* ContactListCell.swift in Sources */ = {isa = PBXBuildFile; fileRef = B992FCEF1E4EC298000C694B /* ContactListCell.swift */; };
		B99B01CB1EBC6FF10044F51C /* GoogleService-Info.plist in Resources */ = {isa = PBXBuildFile; fileRef = B99B01CA1EBC6FF10044F51C /* GoogleService-Info.plist */; };
		B99B01CD1EBC70A40044F51C /* MoodExtension.swift in Sources */ = {isa = PBXBuildFile; fileRef = B99B01CC1EBC70A40044F51C /* MoodExtension.swift */; };
		B9AABF811EB9BFED00238BEF /* AuthRemoteService.swift in Sources */ = {isa = PBXBuildFile; fileRef = B9AABF761EB9BFED00238BEF /* AuthRemoteService.swift */; };
		B9AABF821EB9BFED00238BEF /* DatabaseAccessErrorExtension.swift in Sources */ = {isa = PBXBuildFile; fileRef = B9AABF771EB9BFED00238BEF /* DatabaseAccessErrorExtension.swift */; };
		B9AABF831EB9BFED00238BEF /* FirebaseHelper.swift in Sources */ = {isa = PBXBuildFile; fileRef = B9AABF781EB9BFED00238BEF /* FirebaseHelper.swift */; };
		B9AABF841EB9BFED00238BEF /* UserExtension.swift in Sources */ = {isa = PBXBuildFile; fileRef = B9AABF791EB9BFED00238BEF /* UserExtension.swift */; };
		B9AABF851EB9BFED00238BEF /* FIRDataSnapshotExtension.swift in Sources */ = {isa = PBXBuildFile; fileRef = B9AABF7A1EB9BFED00238BEF /* FIRDataSnapshotExtension.swift */; };
		B9AABF861EB9BFED00238BEF /* RemoteDatabase.swift in Sources */ = {isa = PBXBuildFile; fileRef = B9AABF7B1EB9BFED00238BEF /* RemoteDatabase.swift */; };
		B9AABF871EB9BFED00238BEF /* RemoteDatabaseSource.swift in Sources */ = {isa = PBXBuildFile; fileRef = B9AABF7C1EB9BFED00238BEF /* RemoteDatabaseSource.swift */; };
		B9AABF881EB9BFED00238BEF /* RemoteDatabaseAccess.swift in Sources */ = {isa = PBXBuildFile; fileRef = B9AABF7D1EB9BFED00238BEF /* RemoteDatabaseAccess.swift */; };
		B9AABF891EB9BFED00238BEF /* ResourcePath.swift in Sources */ = {isa = PBXBuildFile; fileRef = B9AABF7E1EB9BFED00238BEF /* ResourcePath.swift */; };
		B9AABF8A1EB9BFED00238BEF /* AuthServiceErrorExtension.swift in Sources */ = {isa = PBXBuildFile; fileRef = B9AABF7F1EB9BFED00238BEF /* AuthServiceErrorExtension.swift */; };
		B9AABF951EB9C03600238BEF /* LoginModule.swift in Sources */ = {isa = PBXBuildFile; fileRef = B9AABF8F1EB9C03600238BEF /* LoginModule.swift */; };
		B9AABF961EB9C03600238BEF /* LoginScene.swift in Sources */ = {isa = PBXBuildFile; fileRef = B9AABF901EB9C03600238BEF /* LoginScene.swift */; };
		B9AABF971EB9C03600238BEF /* LoginArbiter.swift in Sources */ = {isa = PBXBuildFile; fileRef = B9AABF911EB9C03600238BEF /* LoginArbiter.swift */; };
		B9AABF981EB9C03600238BEF /* LoginPresenter.swift in Sources */ = {isa = PBXBuildFile; fileRef = B9AABF921EB9C03600238BEF /* LoginPresenter.swift */; };
		B9AABF991EB9C03600238BEF /* LoginWireframe.swift in Sources */ = {isa = PBXBuildFile; fileRef = B9AABF931EB9C03600238BEF /* LoginWireframe.swift */; };
		B9AABF9A1EB9C03600238BEF /* LoginInteractor.swift in Sources */ = {isa = PBXBuildFile; fileRef = B9AABF941EB9C03600238BEF /* LoginInteractor.swift */; };
		B9AABFA31EB9C06500238BEF /* Mood.swift in Sources */ = {isa = PBXBuildFile; fileRef = B9AABF9C1EB9C06500238BEF /* Mood.swift */; };
		B9AABFA41EB9C06500238BEF /* Contact.swift in Sources */ = {isa = PBXBuildFile; fileRef = B9AABF9D1EB9C06500238BEF /* Contact.swift */; };
		B9AABFA51EB9C06500238BEF /* AuthService.swift in Sources */ = {isa = PBXBuildFile; fileRef = B9AABF9E1EB9C06500238BEF /* AuthService.swift */; };
		B9AABFA61EB9C06500238BEF /* User.swift in Sources */ = {isa = PBXBuildFile; fileRef = B9AABF9F1EB9C06500238BEF /* User.swift */; };
		B9AABFA71EB9C06500238BEF /* DatabaseAccess.swift in Sources */ = {isa = PBXBuildFile; fileRef = B9AABFA01EB9C06500238BEF /* DatabaseAccess.swift */; };
		B9AABFA81EB9C06500238BEF /* DatabaseProtocol.swift in Sources */ = {isa = PBXBuildFile; fileRef = B9AABFA11EB9C06500238BEF /* DatabaseProtocol.swift */; };
		B9AABFA91EB9C06500238BEF /* UserService.swift in Sources */ = {isa = PBXBuildFile; fileRef = B9AABFA21EB9C06500238BEF /* UserService.swift */; };
		B9AABFAC1EB9C0B700238BEF /* LoginViewController.swift in Sources */ = {isa = PBXBuildFile; fileRef = B9AABFAB1EB9C0B700238BEF /* LoginViewController.swift */; };
		B9AFD8BA1E6A74AC003401FE /* AlphaTransitioning.swift in Sources */ = {isa = PBXBuildFile; fileRef = B9AFD8B81E6A74AC003401FE /* AlphaTransitioning.swift */; };
		B9AFD8BB1E6A74AC003401FE /* TranslationTransitioning.swift in Sources */ = {isa = PBXBuildFile; fileRef = B9AFD8B91E6A74AC003401FE /* TranslationTransitioning.swift */; };
		B9AFD8BD1E6A77E2003401FE /* ContactListTransitionAnimator.swift in Sources */ = {isa = PBXBuildFile; fileRef = B9AFD8BC1E6A77E2003401FE /* ContactListTransitionAnimator.swift */; };
		B9AFD8E01E6A97A6003401FE /* DrawerProtocols.swift in Sources */ = {isa = PBXBuildFile; fileRef = B9AFD8DB1E6A97A6003401FE /* DrawerProtocols.swift */; };
		B9AFD8E11E6A97A6003401FE /* DrawerContainerViewController.swift in Sources */ = {isa = PBXBuildFile; fileRef = B9AFD8DC1E6A97A6003401FE /* DrawerContainerViewController.swift */; };
		B9AFD8E21E6A97A6003401FE /* DrawerMenuInteractiveTransition.swift in Sources */ = {isa = PBXBuildFile; fileRef = B9AFD8DD1E6A97A6003401FE /* DrawerMenuInteractiveTransition.swift */; };
		B9AFD8E31E6A97A6003401FE /* DrawerMenuTransition.swift in Sources */ = {isa = PBXBuildFile; fileRef = B9AFD8DE1E6A97A6003401FE /* DrawerMenuTransition.swift */; };
		B9AFD8E41E6A97A6003401FE /* DrawerMenuTransitioning.swift in Sources */ = {isa = PBXBuildFile; fileRef = B9AFD8DF1E6A97A6003401FE /* DrawerMenuTransitioning.swift */; };
		B9AFD8E61E6AA5DC003401FE /* UmalahokanDrawerController.swift in Sources */ = {isa = PBXBuildFile; fileRef = B9AFD8E51E6AA5DC003401FE /* UmalahokanDrawerController.swift */; };
		B9BDC7981E41A478001805D8 /* MessageWriterViewController.swift in Sources */ = {isa = PBXBuildFile; fileRef = B9BDC7971E41A478001805D8 /* MessageWriterViewController.swift */; };
		B9BDC79C1E41A57C001805D8 /* MessageWriterHeader.swift in Sources */ = {isa = PBXBuildFile; fileRef = B9BDC79B1E41A57C001805D8 /* MessageWriterHeader.swift */; };
		B9BDC79E1E41C1C1001805D8 /* RecipientCell.swift in Sources */ = {isa = PBXBuildFile; fileRef = B9BDC79D1E41C1C1001805D8 /* RecipientCell.swift */; };
		B9C1EF8F1E7BABBE001CA14D /* ChatMessageLabel.swift in Sources */ = {isa = PBXBuildFile; fileRef = B9C1EF8E1E7BABBE001CA14D /* ChatMessageLabel.swift */; };
		B9C1EF911E7BAEDE001CA14D /* ChatDisplayData.swift in Sources */ = {isa = PBXBuildFile; fileRef = B9C1EF901E7BAEDE001CA14D /* ChatDisplayData.swift */; };
		B9C5F9BD1E7A3635004C930A /* ChatView.swift in Sources */ = {isa = PBXBuildFile; fileRef = B9C5F9BC1E7A3635004C930A /* ChatView.swift */; };
		B9C5F9BF1E7A3941004C930A /* LayoutDimension.swift in Sources */ = {isa = PBXBuildFile; fileRef = B9C5F9BE1E7A3941004C930A /* LayoutDimension.swift */; };
		B9C5F9C11E7A3CBF004C930A /* ChatTopBar.swift in Sources */ = {isa = PBXBuildFile; fileRef = B9C5F9C01E7A3CBF004C930A /* ChatTopBar.swift */; };
		B9C5F9C31E7A4349004C930A /* ChatViewController.swift in Sources */ = {isa = PBXBuildFile; fileRef = B9C5F9C21E7A4349004C930A /* ChatViewController.swift */; };
		B9C5F9C51E7A6038004C930A /* ChatTransitioning.swift in Sources */ = {isa = PBXBuildFile; fileRef = B9C5F9C41E7A6038004C930A /* ChatTransitioning.swift */; };
		B9C5F9CD1E7A6E23004C930A /* ReusableProtocol.swift in Sources */ = {isa = PBXBuildFile; fileRef = B9C5F9CC1E7A6E23004C930A /* ReusableProtocol.swift */; };
		B9D3ABDA1E72699C00DB34BE /* KeyboardObserverProtocol.swift in Sources */ = {isa = PBXBuildFile; fileRef = B9D3ABD91E72699C00DB34BE /* KeyboardObserverProtocol.swift */; };
		B9D3ABDC1E72734300DB34BE /* RecipientCellItem.swift in Sources */ = {isa = PBXBuildFile; fileRef = B9D3ABDB1E72734300DB34BE /* RecipientCellItem.swift */; };
		B9D3ABE11E727A4400DB34BE /* RecipientCellAnimator.swift in Sources */ = {isa = PBXBuildFile; fileRef = B9D3ABE01E727A4400DB34BE /* RecipientCellAnimator.swift */; };
		B9D3ABE31E727CA200DB34BE /* MessageWriterData.swift in Sources */ = {isa = PBXBuildFile; fileRef = B9D3ABE21E727CA200DB34BE /* MessageWriterData.swift */; };
		B9FA253C1E3F0C31009801F0 /* AppDelegate.swift in Sources */ = {isa = PBXBuildFile; fileRef = B9FA25351E3F0C31009801F0 /* AppDelegate.swift */; };
		B9FA253D1E3F0C31009801F0 /* Umalahokan.xcdatamodeld in Sources */ = {isa = PBXBuildFile; fileRef = B9FA25371E3F0C31009801F0 /* Umalahokan.xcdatamodeld */; };
		B9FA25431E3F0CC6009801F0 /* ViewController.swift in Sources */ = {isa = PBXBuildFile; fileRef = B9FA25411E3F0CC6009801F0 /* ViewController.swift */; };
		B9FA25451E3F0CF1009801F0 /* RecentChatViewController.swift in Sources */ = {isa = PBXBuildFile; fileRef = B9FA25441E3F0CF1009801F0 /* RecentChatViewController.swift */; };
/* End PBXBuildFile section */

/* Begin PBXContainerItemProxy section */
		B9086EC21E3EEFFB003AECC4 /* PBXContainerItemProxy */ = {
			isa = PBXContainerItemProxy;
			containerPortal = B9086EA21E3EEFFA003AECC4 /* Project object */;
			proxyType = 1;
			remoteGlobalIDString = B9086EA91E3EEFFB003AECC4;
			remoteInfo = Umalahokan;
		};
		B9086ECD1E3EEFFB003AECC4 /* PBXContainerItemProxy */ = {
			isa = PBXContainerItemProxy;
			containerPortal = B9086EA21E3EEFFA003AECC4 /* Project object */;
			proxyType = 1;
			remoteGlobalIDString = B9086EA91E3EEFFB003AECC4;
			remoteInfo = Umalahokan;
		};
/* End PBXContainerItemProxy section */

/* Begin PBXFileReference section */
		0CC78A2F6594310DF073CA6F /* Pods-UmalahokanUITests.debug.xcconfig */ = {isa = PBXFileReference; includeInIndex = 1; lastKnownFileType = text.xcconfig; name = "Pods-UmalahokanUITests.debug.xcconfig"; path = "Pods/Target Support Files/Pods-UmalahokanUITests/Pods-UmalahokanUITests.debug.xcconfig"; sourceTree = "<group>"; };
		2185C33C91D28402D10B2F2B /* Pods-UmalahokanTests.release.xcconfig */ = {isa = PBXFileReference; includeInIndex = 1; lastKnownFileType = text.xcconfig; name = "Pods-UmalahokanTests.release.xcconfig"; path = "Pods/Target Support Files/Pods-UmalahokanTests/Pods-UmalahokanTests.release.xcconfig"; sourceTree = "<group>"; };
		35430BBA7EFB66770C0F3BD3 /* Pods-UmalahokanUITests.release.xcconfig */ = {isa = PBXFileReference; includeInIndex = 1; lastKnownFileType = text.xcconfig; name = "Pods-UmalahokanUITests.release.xcconfig"; path = "Pods/Target Support Files/Pods-UmalahokanUITests/Pods-UmalahokanUITests.release.xcconfig"; sourceTree = "<group>"; };
		4B6E413F3432D917B94F64CA /* Pods_UmalahokanUITests.framework */ = {isa = PBXFileReference; explicitFileType = wrapper.framework; includeInIndex = 0; path = Pods_UmalahokanUITests.framework; sourceTree = BUILT_PRODUCTS_DIR; };
		5E1A9A72839BC12B4B5BD799 /* Pods-Umalahokan.release.xcconfig */ = {isa = PBXFileReference; includeInIndex = 1; lastKnownFileType = text.xcconfig; name = "Pods-Umalahokan.release.xcconfig"; path = "Pods/Target Support Files/Pods-Umalahokan/Pods-Umalahokan.release.xcconfig"; sourceTree = "<group>"; };
		82494C5F8B149F17B4A2AFBF /* Pods_Umalahokan.framework */ = {isa = PBXFileReference; explicitFileType = wrapper.framework; includeInIndex = 0; path = Pods_Umalahokan.framework; sourceTree = BUILT_PRODUCTS_DIR; };
		B455F2A0F271F3CED50EF001 /* Pods_UmalahokanTests.framework */ = {isa = PBXFileReference; explicitFileType = wrapper.framework; includeInIndex = 0; path = Pods_UmalahokanTests.framework; sourceTree = BUILT_PRODUCTS_DIR; };
		B905834C1E7796DA00B18334 /* UITheme.swift */ = {isa = PBXFileReference; fileEncoding = 4; lastKnownFileType = sourcecode.swift; path = UITheme.swift; sourceTree = "<group>"; };
		B9086EAA1E3EEFFB003AECC4 /* Umalahokan.app */ = {isa = PBXFileReference; explicitFileType = wrapper.application; includeInIndex = 0; path = Umalahokan.app; sourceTree = BUILT_PRODUCTS_DIR; };
		B9086EB21E3EEFFB003AECC4 /* Base */ = {isa = PBXFileReference; lastKnownFileType = file.storyboard; name = Base; path = Base.lproj/Main.storyboard; sourceTree = "<group>"; };
		B9086EB71E3EEFFB003AECC4 /* Assets.xcassets */ = {isa = PBXFileReference; lastKnownFileType = folder.assetcatalog; name = Assets.xcassets; path = ../../Assets.xcassets; sourceTree = "<group>"; };
		B9086EBA1E3EEFFB003AECC4 /* Base */ = {isa = PBXFileReference; lastKnownFileType = file.storyboard; name = Base; path = Base.lproj/LaunchScreen.storyboard; sourceTree = "<group>"; };
		B9086EBC1E3EEFFB003AECC4 /* Info.plist */ = {isa = PBXFileReference; lastKnownFileType = text.plist.xml; path = Info.plist; sourceTree = "<group>"; };
		B9086EC11E3EEFFB003AECC4 /* UmalahokanTests.xctest */ = {isa = PBXFileReference; explicitFileType = wrapper.cfbundle; includeInIndex = 0; path = UmalahokanTests.xctest; sourceTree = BUILT_PRODUCTS_DIR; };
		B9086EC51E3EEFFB003AECC4 /* UmalahokanTests.swift */ = {isa = PBXFileReference; lastKnownFileType = sourcecode.swift; path = UmalahokanTests.swift; sourceTree = "<group>"; };
		B9086EC71E3EEFFB003AECC4 /* Info.plist */ = {isa = PBXFileReference; lastKnownFileType = text.plist.xml; path = Info.plist; sourceTree = "<group>"; };
		B9086ECC1E3EEFFB003AECC4 /* UmalahokanUITests.xctest */ = {isa = PBXFileReference; explicitFileType = wrapper.cfbundle; includeInIndex = 0; path = UmalahokanUITests.xctest; sourceTree = BUILT_PRODUCTS_DIR; };
		B9086ED01E3EEFFB003AECC4 /* UmalahokanUITests.swift */ = {isa = PBXFileReference; lastKnownFileType = sourcecode.swift; path = UmalahokanUITests.swift; sourceTree = "<group>"; };
		B9086ED21E3EEFFB003AECC4 /* Info.plist */ = {isa = PBXFileReference; lastKnownFileType = text.plist.xml; path = Info.plist; sourceTree = "<group>"; };
		B90D11D41E40694C003A681B /* RecentChatCell.swift */ = {isa = PBXFileReference; fileEncoding = 4; lastKnownFileType = sourcecode.swift; path = RecentChatCell.swift; sourceTree = "<group>"; };
		B9164A731E542C50006D22E2 /* MessageWriterTransitioning.swift */ = {isa = PBXFileReference; fileEncoding = 4; lastKnownFileType = sourcecode.swift; path = MessageWriterTransitioning.swift; sourceTree = "<group>"; };
		B917922F1E4AECE4007F1BB8 /* KeyboardHandler.swift */ = {isa = PBXFileReference; fileEncoding = 4; lastKnownFileType = sourcecode.swift; path = KeyboardHandler.swift; sourceTree = "<group>"; };
		B931040A1EB1D78B00780F5A /* Core.framework */ = {isa = PBXFileReference; lastKnownFileType = wrapper.framework; name = Core.framework; path = "../../../../../Library/Developer/Xcode/DerivedData/Umalahokan-fugcbvoipmqliwfxmepdglekpjqz/Build/Products/Debug-iphonesimulator/Core.framework"; sourceTree = "<group>"; };
		B9355E061E40454400086815 /* RecentChatView.swift */ = {isa = PBXFileReference; fileEncoding = 4; lastKnownFileType = sourcecode.swift; path = RecentChatView.swift; sourceTree = "<group>"; };
		B9355E081E40457D00086815 /* RecentChatTopBar.swift */ = {isa = PBXFileReference; fileEncoding = 4; lastKnownFileType = sourcecode.swift; path = RecentChatTopBar.swift; sourceTree = "<group>"; };
		B93AA5991EBC731C00DD79EB /* Umalahokan.entitlements */ = {isa = PBXFileReference; lastKnownFileType = text.plist.entitlements; path = Umalahokan.entitlements; sourceTree = "<group>"; };
		B97264361E7CDE6D00A49B50 /* ChatMessageCell.swift */ = {isa = PBXFileReference; fileEncoding = 4; lastKnownFileType = sourcecode.swift; path = ChatMessageCell.swift; sourceTree = "<group>"; };
		B97264381E7CE05100A49B50 /* ChatMessageCellItem.swift */ = {isa = PBXFileReference; fileEncoding = 4; lastKnownFileType = sourcecode.swift; path = ChatMessageCellItem.swift; sourceTree = "<group>"; };
		B972643A1E7CE5A300A49B50 /* ChatViewItem.swift */ = {isa = PBXFileReference; fileEncoding = 4; lastKnownFileType = sourcecode.swift; path = ChatViewItem.swift; sourceTree = "<group>"; };
		B972643C1E7CE8F500A49B50 /* RecentChatDisplayData.swift */ = {isa = PBXFileReference; fileEncoding = 4; lastKnownFileType = sourcecode.swift; path = RecentChatDisplayData.swift; sourceTree = "<group>"; };
		B97264401E7CEBDA00A49B50 /* RecentChatCellItem.swift */ = {isa = PBXFileReference; fileEncoding = 4; lastKnownFileType = sourcecode.swift; path = RecentChatCellItem.swift; sourceTree = "<group>"; };
		B97264441E7D113600A49B50 /* ContactListCellItem.swift */ = {isa = PBXFileReference; fileEncoding = 4; lastKnownFileType = sourcecode.swift; path = ContactListCellItem.swift; sourceTree = "<group>"; };
		B97264461E7D120900A49B50 /* ContactListDisplayData.swift */ = {isa = PBXFileReference; fileEncoding = 4; lastKnownFileType = sourcecode.swift; path = ContactListDisplayData.swift; sourceTree = "<group>"; };
		B97264481E7D15D000A49B50 /* RecentChatViewItem.swift */ = {isa = PBXFileReference; fileEncoding = 4; lastKnownFileType = sourcecode.swift; path = RecentChatViewItem.swift; sourceTree = "<group>"; };
		B98C12011E7F6CF30072B440 /* SendView.swift */ = {isa = PBXFileReference; fileEncoding = 4; lastKnownFileType = sourcecode.swift; path = SendView.swift; sourceTree = "<group>"; };
		B98C12031E7F7F290072B440 /* UmalahokanTextView.swift */ = {isa = PBXFileReference; fileEncoding = 4; lastKnownFileType = sourcecode.swift; path = UmalahokanTextView.swift; sourceTree = "<group>"; };
		B98C12051E7F9B370072B440 /* MessageWriterView.swift */ = {isa = PBXFileReference; fileEncoding = 4; lastKnownFileType = sourcecode.swift; path = MessageWriterView.swift; sourceTree = "<group>"; };
		B992500D1E4DA5A800DF5C23 /* CALayerExtension.swift */ = {isa = PBXFileReference; fileEncoding = 4; lastKnownFileType = sourcecode.swift; path = CALayerExtension.swift; sourceTree = "<group>"; };
		B992FCEB1E4EBFFA000C694B /* ContactListViewController.swift */ = {isa = PBXFileReference; fileEncoding = 4; lastKnownFileType = sourcecode.swift; path = ContactListViewController.swift; sourceTree = "<group>"; };
		B992FCED1E4EC018000C694B /* ContactListView.swift */ = {isa = PBXFileReference; fileEncoding = 4; lastKnownFileType = sourcecode.swift; path = ContactListView.swift; sourceTree = "<group>"; };
		B992FCEF1E4EC298000C694B /* ContactListCell.swift */ = {isa = PBXFileReference; fileEncoding = 4; lastKnownFileType = sourcecode.swift; path = ContactListCell.swift; sourceTree = "<group>"; };
		B99B01CA1EBC6FF10044F51C /* GoogleService-Info.plist */ = {isa = PBXFileReference; fileEncoding = 4; lastKnownFileType = text.plist.xml; path = "GoogleService-Info.plist"; sourceTree = "<group>"; };
		B99B01CC1EBC70A40044F51C /* MoodExtension.swift */ = {isa = PBXFileReference; fileEncoding = 4; lastKnownFileType = sourcecode.swift; path = MoodExtension.swift; sourceTree = "<group>"; };
		B9AABF761EB9BFED00238BEF /* AuthRemoteService.swift */ = {isa = PBXFileReference; fileEncoding = 4; lastKnownFileType = sourcecode.swift; name = AuthRemoteService.swift; path = Modules/ServiceProvider/ServiceProvider/AuthRemoteService.swift; sourceTree = "<group>"; };
		B9AABF771EB9BFED00238BEF /* DatabaseAccessErrorExtension.swift */ = {isa = PBXFileReference; fileEncoding = 4; lastKnownFileType = sourcecode.swift; name = DatabaseAccessErrorExtension.swift; path = Modules/ServiceProvider/ServiceProvider/DatabaseAccessErrorExtension.swift; sourceTree = "<group>"; };
		B9AABF781EB9BFED00238BEF /* FirebaseHelper.swift */ = {isa = PBXFileReference; fileEncoding = 4; lastKnownFileType = sourcecode.swift; name = FirebaseHelper.swift; path = Modules/ServiceProvider/ServiceProvider/FirebaseHelper.swift; sourceTree = "<group>"; };
		B9AABF791EB9BFED00238BEF /* UserExtension.swift */ = {isa = PBXFileReference; fileEncoding = 4; lastKnownFileType = sourcecode.swift; name = UserExtension.swift; path = Modules/ServiceProvider/ServiceProvider/UserExtension.swift; sourceTree = "<group>"; };
		B9AABF7A1EB9BFED00238BEF /* FIRDataSnapshotExtension.swift */ = {isa = PBXFileReference; fileEncoding = 4; lastKnownFileType = sourcecode.swift; name = FIRDataSnapshotExtension.swift; path = Modules/ServiceProvider/ServiceProvider/FIRDataSnapshotExtension.swift; sourceTree = "<group>"; };
		B9AABF7B1EB9BFED00238BEF /* RemoteDatabase.swift */ = {isa = PBXFileReference; fileEncoding = 4; lastKnownFileType = sourcecode.swift; name = RemoteDatabase.swift; path = Modules/ServiceProvider/ServiceProvider/RemoteDatabase.swift; sourceTree = "<group>"; };
		B9AABF7C1EB9BFED00238BEF /* RemoteDatabaseSource.swift */ = {isa = PBXFileReference; fileEncoding = 4; lastKnownFileType = sourcecode.swift; name = RemoteDatabaseSource.swift; path = Modules/ServiceProvider/ServiceProvider/RemoteDatabaseSource.swift; sourceTree = "<group>"; };
		B9AABF7D1EB9BFED00238BEF /* RemoteDatabaseAccess.swift */ = {isa = PBXFileReference; fileEncoding = 4; lastKnownFileType = sourcecode.swift; name = RemoteDatabaseAccess.swift; path = Modules/ServiceProvider/ServiceProvider/RemoteDatabaseAccess.swift; sourceTree = "<group>"; };
		B9AABF7E1EB9BFED00238BEF /* ResourcePath.swift */ = {isa = PBXFileReference; fileEncoding = 4; lastKnownFileType = sourcecode.swift; name = ResourcePath.swift; path = Modules/ServiceProvider/ServiceProvider/ResourcePath.swift; sourceTree = "<group>"; };
		B9AABF7F1EB9BFED00238BEF /* AuthServiceErrorExtension.swift */ = {isa = PBXFileReference; fileEncoding = 4; lastKnownFileType = sourcecode.swift; name = AuthServiceErrorExtension.swift; path = Modules/ServiceProvider/ServiceProvider/AuthServiceErrorExtension.swift; sourceTree = "<group>"; };
		B9AABF8F1EB9C03600238BEF /* LoginModule.swift */ = {isa = PBXFileReference; fileEncoding = 4; lastKnownFileType = sourcecode.swift; name = LoginModule.swift; path = Modules/Login/Login/LoginModule.swift; sourceTree = "<group>"; };
		B9AABF901EB9C03600238BEF /* LoginScene.swift */ = {isa = PBXFileReference; fileEncoding = 4; lastKnownFileType = sourcecode.swift; name = LoginScene.swift; path = Modules/Login/Login/LoginScene.swift; sourceTree = "<group>"; };
		B9AABF911EB9C03600238BEF /* LoginArbiter.swift */ = {isa = PBXFileReference; fileEncoding = 4; lastKnownFileType = sourcecode.swift; name = LoginArbiter.swift; path = Modules/Login/Login/LoginArbiter.swift; sourceTree = "<group>"; };
		B9AABF921EB9C03600238BEF /* LoginPresenter.swift */ = {isa = PBXFileReference; fileEncoding = 4; lastKnownFileType = sourcecode.swift; name = LoginPresenter.swift; path = Modules/Login/Login/LoginPresenter.swift; sourceTree = "<group>"; };
		B9AABF931EB9C03600238BEF /* LoginWireframe.swift */ = {isa = PBXFileReference; fileEncoding = 4; lastKnownFileType = sourcecode.swift; name = LoginWireframe.swift; path = Modules/Login/Login/LoginWireframe.swift; sourceTree = "<group>"; };
		B9AABF941EB9C03600238BEF /* LoginInteractor.swift */ = {isa = PBXFileReference; fileEncoding = 4; lastKnownFileType = sourcecode.swift; name = LoginInteractor.swift; path = Modules/Login/Login/LoginInteractor.swift; sourceTree = "<group>"; };
		B9AABF9C1EB9C06500238BEF /* Mood.swift */ = {isa = PBXFileReference; fileEncoding = 4; lastKnownFileType = sourcecode.swift; name = Mood.swift; path = Modules/Core/Core/Mood.swift; sourceTree = "<group>"; };
		B9AABF9D1EB9C06500238BEF /* Contact.swift */ = {isa = PBXFileReference; fileEncoding = 4; lastKnownFileType = sourcecode.swift; name = Contact.swift; path = Modules/Core/Core/Contact.swift; sourceTree = "<group>"; };
		B9AABF9E1EB9C06500238BEF /* AuthService.swift */ = {isa = PBXFileReference; fileEncoding = 4; lastKnownFileType = sourcecode.swift; name = AuthService.swift; path = Modules/Core/Core/AuthService.swift; sourceTree = "<group>"; };
		B9AABF9F1EB9C06500238BEF /* User.swift */ = {isa = PBXFileReference; fileEncoding = 4; lastKnownFileType = sourcecode.swift; name = User.swift; path = Modules/Core/Core/User.swift; sourceTree = "<group>"; };
		B9AABFA01EB9C06500238BEF /* DatabaseAccess.swift */ = {isa = PBXFileReference; fileEncoding = 4; lastKnownFileType = sourcecode.swift; name = DatabaseAccess.swift; path = Modules/Core/Core/DatabaseAccess.swift; sourceTree = "<group>"; };
		B9AABFA11EB9C06500238BEF /* DatabaseProtocol.swift */ = {isa = PBXFileReference; fileEncoding = 4; lastKnownFileType = sourcecode.swift; name = DatabaseProtocol.swift; path = Modules/Core/Core/DatabaseProtocol.swift; sourceTree = "<group>"; };
		B9AABFA21EB9C06500238BEF /* UserService.swift */ = {isa = PBXFileReference; fileEncoding = 4; lastKnownFileType = sourcecode.swift; name = UserService.swift; path = Modules/Core/Core/UserService.swift; sourceTree = "<group>"; };
		B9AABFAB1EB9C0B700238BEF /* LoginViewController.swift */ = {isa = PBXFileReference; fileEncoding = 4; lastKnownFileType = sourcecode.swift; name = LoginViewController.swift; path = Modules/UserInterface/UserInterface/LoginViewController.swift; sourceTree = "<group>"; };
		B9AFD8B81E6A74AC003401FE /* AlphaTransitioning.swift */ = {isa = PBXFileReference; fileEncoding = 4; lastKnownFileType = sourcecode.swift; path = AlphaTransitioning.swift; sourceTree = "<group>"; };
		B9AFD8B91E6A74AC003401FE /* TranslationTransitioning.swift */ = {isa = PBXFileReference; fileEncoding = 4; lastKnownFileType = sourcecode.swift; path = TranslationTransitioning.swift; sourceTree = "<group>"; };
		B9AFD8BC1E6A77E2003401FE /* ContactListTransitionAnimator.swift */ = {isa = PBXFileReference; fileEncoding = 4; lastKnownFileType = sourcecode.swift; path = ContactListTransitionAnimator.swift; sourceTree = "<group>"; };
		B9AFD8DB1E6A97A6003401FE /* DrawerProtocols.swift */ = {isa = PBXFileReference; fileEncoding = 4; lastKnownFileType = sourcecode.swift; path = DrawerProtocols.swift; sourceTree = "<group>"; };
		B9AFD8DC1E6A97A6003401FE /* DrawerContainerViewController.swift */ = {isa = PBXFileReference; fileEncoding = 4; lastKnownFileType = sourcecode.swift; path = DrawerContainerViewController.swift; sourceTree = "<group>"; };
		B9AFD8DD1E6A97A6003401FE /* DrawerMenuInteractiveTransition.swift */ = {isa = PBXFileReference; fileEncoding = 4; lastKnownFileType = sourcecode.swift; path = DrawerMenuInteractiveTransition.swift; sourceTree = "<group>"; };
		B9AFD8DE1E6A97A6003401FE /* DrawerMenuTransition.swift */ = {isa = PBXFileReference; fileEncoding = 4; lastKnownFileType = sourcecode.swift; path = DrawerMenuTransition.swift; sourceTree = "<group>"; };
		B9AFD8DF1E6A97A6003401FE /* DrawerMenuTransitioning.swift */ = {isa = PBXFileReference; fileEncoding = 4; lastKnownFileType = sourcecode.swift; path = DrawerMenuTransitioning.swift; sourceTree = "<group>"; };
		B9AFD8E51E6AA5DC003401FE /* UmalahokanDrawerController.swift */ = {isa = PBXFileReference; fileEncoding = 4; lastKnownFileType = sourcecode.swift; path = UmalahokanDrawerController.swift; sourceTree = "<group>"; };
		B9BDC7971E41A478001805D8 /* MessageWriterViewController.swift */ = {isa = PBXFileReference; fileEncoding = 4; lastKnownFileType = sourcecode.swift; path = MessageWriterViewController.swift; sourceTree = "<group>"; };
		B9BDC79B1E41A57C001805D8 /* MessageWriterHeader.swift */ = {isa = PBXFileReference; fileEncoding = 4; lastKnownFileType = sourcecode.swift; path = MessageWriterHeader.swift; sourceTree = "<group>"; };
		B9BDC79D1E41C1C1001805D8 /* RecipientCell.swift */ = {isa = PBXFileReference; fileEncoding = 4; lastKnownFileType = sourcecode.swift; path = RecipientCell.swift; sourceTree = "<group>"; };
		B9C1EF8E1E7BABBE001CA14D /* ChatMessageLabel.swift */ = {isa = PBXFileReference; fileEncoding = 4; lastKnownFileType = sourcecode.swift; path = ChatMessageLabel.swift; sourceTree = "<group>"; };
		B9C1EF901E7BAEDE001CA14D /* ChatDisplayData.swift */ = {isa = PBXFileReference; fileEncoding = 4; lastKnownFileType = sourcecode.swift; path = ChatDisplayData.swift; sourceTree = "<group>"; };
		B9C5F9BC1E7A3635004C930A /* ChatView.swift */ = {isa = PBXFileReference; fileEncoding = 4; lastKnownFileType = sourcecode.swift; path = ChatView.swift; sourceTree = "<group>"; };
		B9C5F9BE1E7A3941004C930A /* LayoutDimension.swift */ = {isa = PBXFileReference; fileEncoding = 4; lastKnownFileType = sourcecode.swift; path = LayoutDimension.swift; sourceTree = "<group>"; };
		B9C5F9C01E7A3CBF004C930A /* ChatTopBar.swift */ = {isa = PBXFileReference; fileEncoding = 4; lastKnownFileType = sourcecode.swift; path = ChatTopBar.swift; sourceTree = "<group>"; };
		B9C5F9C21E7A4349004C930A /* ChatViewController.swift */ = {isa = PBXFileReference; fileEncoding = 4; lastKnownFileType = sourcecode.swift; path = ChatViewController.swift; sourceTree = "<group>"; };
		B9C5F9C41E7A6038004C930A /* ChatTransitioning.swift */ = {isa = PBXFileReference; fileEncoding = 4; lastKnownFileType = sourcecode.swift; path = ChatTransitioning.swift; sourceTree = "<group>"; };
		B9C5F9CC1E7A6E23004C930A /* ReusableProtocol.swift */ = {isa = PBXFileReference; fileEncoding = 4; lastKnownFileType = sourcecode.swift; path = ReusableProtocol.swift; sourceTree = "<group>"; };
		B9D3ABD91E72699C00DB34BE /* KeyboardObserverProtocol.swift */ = {isa = PBXFileReference; fileEncoding = 4; lastKnownFileType = sourcecode.swift; path = KeyboardObserverProtocol.swift; sourceTree = "<group>"; };
		B9D3ABDB1E72734300DB34BE /* RecipientCellItem.swift */ = {isa = PBXFileReference; fileEncoding = 4; lastKnownFileType = sourcecode.swift; path = RecipientCellItem.swift; sourceTree = "<group>"; };
		B9D3ABE01E727A4400DB34BE /* RecipientCellAnimator.swift */ = {isa = PBXFileReference; fileEncoding = 4; lastKnownFileType = sourcecode.swift; path = RecipientCellAnimator.swift; sourceTree = "<group>"; };
		B9D3ABE21E727CA200DB34BE /* MessageWriterData.swift */ = {isa = PBXFileReference; fileEncoding = 4; lastKnownFileType = sourcecode.swift; path = MessageWriterData.swift; sourceTree = "<group>"; };
		B9FA25351E3F0C31009801F0 /* AppDelegate.swift */ = {isa = PBXFileReference; fileEncoding = 4; lastKnownFileType = sourcecode.swift; path = AppDelegate.swift; sourceTree = "<group>"; };
		B9FA25381E3F0C31009801F0 /* Umalahokan.xcdatamodel */ = {isa = PBXFileReference; lastKnownFileType = wrapper.xcdatamodel; path = Umalahokan.xcdatamodel; sourceTree = "<group>"; };
		B9FA25411E3F0CC6009801F0 /* ViewController.swift */ = {isa = PBXFileReference; fileEncoding = 4; lastKnownFileType = sourcecode.swift; path = ViewController.swift; sourceTree = "<group>"; };
		B9FA25441E3F0CF1009801F0 /* RecentChatViewController.swift */ = {isa = PBXFileReference; fileEncoding = 4; lastKnownFileType = sourcecode.swift; path = RecentChatViewController.swift; sourceTree = "<group>"; };
		CF75BBE235B2B6FE25063419 /* Pods-Umalahokan.debug.xcconfig */ = {isa = PBXFileReference; includeInIndex = 1; lastKnownFileType = text.xcconfig; name = "Pods-Umalahokan.debug.xcconfig"; path = "Pods/Target Support Files/Pods-Umalahokan/Pods-Umalahokan.debug.xcconfig"; sourceTree = "<group>"; };
		D806B9F741CAEA5FFC41DDB2 /* Pods-UmalahokanTests.debug.xcconfig */ = {isa = PBXFileReference; includeInIndex = 1; lastKnownFileType = text.xcconfig; name = "Pods-UmalahokanTests.debug.xcconfig"; path = "Pods/Target Support Files/Pods-UmalahokanTests/Pods-UmalahokanTests.debug.xcconfig"; sourceTree = "<group>"; };
/* End PBXFileReference section */

/* Begin PBXFrameworksBuildPhase section */
		B9086EA71E3EEFFB003AECC4 /* Frameworks */ = {
			isa = PBXFrameworksBuildPhase;
			buildActionMask = 2147483647;
			files = (
				963A4E2B8D99DE4630292989 /* Pods_Umalahokan.framework in Frameworks */,
			);
			runOnlyForDeploymentPostprocessing = 0;
		};
		B9086EBE1E3EEFFB003AECC4 /* Frameworks */ = {
			isa = PBXFrameworksBuildPhase;
			buildActionMask = 2147483647;
			files = (
				244BF0B959FD8FB72C89699C /* Pods_UmalahokanTests.framework in Frameworks */,
			);
			runOnlyForDeploymentPostprocessing = 0;
		};
		B9086EC91E3EEFFB003AECC4 /* Frameworks */ = {
			isa = PBXFrameworksBuildPhase;
			buildActionMask = 2147483647;
			files = (
				61E1F5874B372642A1003986 /* Pods_UmalahokanUITests.framework in Frameworks */,
			);
			runOnlyForDeploymentPostprocessing = 0;
		};
/* End PBXFrameworksBuildPhase section */

/* Begin PBXGroup section */
		092CFE692A790DE6F3D59600 /* Pods */ = {
			isa = PBXGroup;
			children = (
				CF75BBE235B2B6FE25063419 /* Pods-Umalahokan.debug.xcconfig */,
				5E1A9A72839BC12B4B5BD799 /* Pods-Umalahokan.release.xcconfig */,
				D806B9F741CAEA5FFC41DDB2 /* Pods-UmalahokanTests.debug.xcconfig */,
				2185C33C91D28402D10B2F2B /* Pods-UmalahokanTests.release.xcconfig */,
				0CC78A2F6594310DF073CA6F /* Pods-UmalahokanUITests.debug.xcconfig */,
				35430BBA7EFB66770C0F3BD3 /* Pods-UmalahokanUITests.release.xcconfig */,
			);
			name = Pods;
			sourceTree = "<group>";
		};
		874716229A8ACBCB8C2BFA0E /* Frameworks */ = {
			isa = PBXGroup;
			children = (
				B931040A1EB1D78B00780F5A /* Core.framework */,
				82494C5F8B149F17B4A2AFBF /* Pods_Umalahokan.framework */,
				B455F2A0F271F3CED50EF001 /* Pods_UmalahokanTests.framework */,
				4B6E413F3432D917B94F64CA /* Pods_UmalahokanUITests.framework */,
			);
			name = Frameworks;
			sourceTree = "<group>";
		};
		B9086EA11E3EEFFA003AECC4 = {
			isa = PBXGroup;
			children = (
				B9AABF8C1EB9BFFB00238BEF /* Modules */,
				B9086EAC1E3EEFFB003AECC4 /* Umalahokan */,
				B9086EC41E3EEFFB003AECC4 /* UmalahokanTests */,
				B9086ECF1E3EEFFB003AECC4 /* UmalahokanUITests */,
				874716229A8ACBCB8C2BFA0E /* Frameworks */,
				B9086EAB1E3EEFFB003AECC4 /* Products */,
				092CFE692A790DE6F3D59600 /* Pods */,
			);
			sourceTree = "<group>";
		};
		B9086EAB1E3EEFFB003AECC4 /* Products */ = {
			isa = PBXGroup;
			children = (
				B9086EAA1E3EEFFB003AECC4 /* Umalahokan.app */,
				B9086EC11E3EEFFB003AECC4 /* UmalahokanTests.xctest */,
				B9086ECC1E3EEFFB003AECC4 /* UmalahokanUITests.xctest */,
			);
			name = Products;
			sourceTree = "<group>";
		};
		B9086EAC1E3EEFFB003AECC4 /* Umalahokan */ = {
			isa = PBXGroup;
			children = (
				B9FA25331E3F0C31009801F0 /* Source */,
				B93AA59A1EBC739400DD79EB /* Support Files */,
			);
			path = Umalahokan;
			sourceTree = "<group>";
		};
		B9086EC41E3EEFFB003AECC4 /* UmalahokanTests */ = {
			isa = PBXGroup;
			children = (
				B9086EC51E3EEFFB003AECC4 /* UmalahokanTests.swift */,
				B9086EC71E3EEFFB003AECC4 /* Info.plist */,
			);
			path = UmalahokanTests;
			sourceTree = "<group>";
		};
		B9086ECF1E3EEFFB003AECC4 /* UmalahokanUITests */ = {
			isa = PBXGroup;
			children = (
				B9086ED01E3EEFFB003AECC4 /* UmalahokanUITests.swift */,
				B9086ED21E3EEFFB003AECC4 /* Info.plist */,
			);
			path = UmalahokanUITests;
			sourceTree = "<group>";
		};
		B917922E1E4AECD7007F1BB8 /* Util */ = {
			isa = PBXGroup;
			children = (
				B992500D1E4DA5A800DF5C23 /* CALayerExtension.swift */,
				B917922F1E4AECE4007F1BB8 /* KeyboardHandler.swift */,
				B9D3ABD91E72699C00DB34BE /* KeyboardObserverProtocol.swift */,
				B9C5F9BE1E7A3941004C930A /* LayoutDimension.swift */,
				B99B01CC1EBC70A40044F51C /* MoodExtension.swift */,
				B9C5F9CC1E7A6E23004C930A /* ReusableProtocol.swift */,
				B98C12011E7F6CF30072B440 /* SendView.swift */,
				B905834C1E7796DA00B18334 /* UITheme.swift */,
				B9AFD8E51E6AA5DC003401FE /* UmalahokanDrawerController.swift */,
				B98C12031E7F7F290072B440 /* UmalahokanTextView.swift */,
			);
			path = Util;
			sourceTree = "<group>";
		};
		B93AA59A1EBC739400DD79EB /* Support Files */ = {
			isa = PBXGroup;
			children = (
				B93AA5991EBC731C00DD79EB /* Umalahokan.entitlements */,
				B9086EBC1E3EEFFB003AECC4 /* Info.plist */,
			);
			name = "Support Files";
			sourceTree = "<group>";
		};
		B992FCEA1E4EBFDD000C694B /* Contact List */ = {
			isa = PBXGroup;
			children = (
				B992FCEF1E4EC298000C694B /* ContactListCell.swift */,
				B97264441E7D113600A49B50 /* ContactListCellItem.swift */,
				B97264461E7D120900A49B50 /* ContactListDisplayData.swift */,
				B992FCED1E4EC018000C694B /* ContactListView.swift */,
				B992FCEB1E4EBFFA000C694B /* ContactListViewController.swift */,
			);
			path = "Contact List";
			sourceTree = "<group>";
		};
		B9AABF8C1EB9BFFB00238BEF /* Modules */ = {
			isa = PBXGroup;
			children = (
				B9AABFAA1EB9C08F00238BEF /* UserInterface */,
				B9AABF9B1EB9C04700238BEF /* Core */,
				B9AABF8E1EB9C01200238BEF /* Login */,
				B9AABF8D1EB9C00700238BEF /* ServiceProvider */,
			);
			name = Modules;
			sourceTree = "<group>";
		};
		B9AABF8D1EB9C00700238BEF /* ServiceProvider */ = {
			isa = PBXGroup;
			children = (
				B99B01CA1EBC6FF10044F51C /* GoogleService-Info.plist */,
				B9AABF761EB9BFED00238BEF /* AuthRemoteService.swift */,
				B9AABF7F1EB9BFED00238BEF /* AuthServiceErrorExtension.swift */,
				B9AABF771EB9BFED00238BEF /* DatabaseAccessErrorExtension.swift */,
				B9AABF7A1EB9BFED00238BEF /* FIRDataSnapshotExtension.swift */,
				B9AABF781EB9BFED00238BEF /* FirebaseHelper.swift */,
				B9AABF7B1EB9BFED00238BEF /* RemoteDatabase.swift */,
				B9AABF7D1EB9BFED00238BEF /* RemoteDatabaseAccess.swift */,
				B9AABF7C1EB9BFED00238BEF /* RemoteDatabaseSource.swift */,
				B9AABF7E1EB9BFED00238BEF /* ResourcePath.swift */,
				B9AABF791EB9BFED00238BEF /* UserExtension.swift */,
			);
			name = ServiceProvider;
			sourceTree = "<group>";
		};
		B9AABF8E1EB9C01200238BEF /* Login */ = {
			isa = PBXGroup;
			children = (
				B9AABF911EB9C03600238BEF /* LoginArbiter.swift */,
				B9AABF941EB9C03600238BEF /* LoginInteractor.swift */,
				B9AABF8F1EB9C03600238BEF /* LoginModule.swift */,
				B9AABF921EB9C03600238BEF /* LoginPresenter.swift */,
				B9AABF901EB9C03600238BEF /* LoginScene.swift */,
				B9AABF931EB9C03600238BEF /* LoginWireframe.swift */,
			);
			name = Login;
			sourceTree = "<group>";
		};
		B9AABF9B1EB9C04700238BEF /* Core */ = {
			isa = PBXGroup;
			children = (
				B9AABF9E1EB9C06500238BEF /* AuthService.swift */,
				B9AABF9D1EB9C06500238BEF /* Contact.swift */,
				B9AABFA01EB9C06500238BEF /* DatabaseAccess.swift */,
				B9AABFA11EB9C06500238BEF /* DatabaseProtocol.swift */,
				B9AABF9C1EB9C06500238BEF /* Mood.swift */,
				B9AABF9F1EB9C06500238BEF /* User.swift */,
				B9AABFA21EB9C06500238BEF /* UserService.swift */,
			);
			name = Core;
			sourceTree = "<group>";
		};
		B9AABFAA1EB9C08F00238BEF /* UserInterface */ = {
			isa = PBXGroup;
			children = (
				B9AABFAB1EB9C0B700238BEF /* LoginViewController.swift */,
			);
			name = UserInterface;
			sourceTree = "<group>";
		};
		B9AFD8DA1E6A97A6003401FE /* Drawer */ = {
			isa = PBXGroup;
			children = (
				B9AFD8DC1E6A97A6003401FE /* DrawerContainerViewController.swift */,
				B9AFD8DD1E6A97A6003401FE /* DrawerMenuInteractiveTransition.swift */,
				B9AFD8DE1E6A97A6003401FE /* DrawerMenuTransition.swift */,
				B9AFD8DF1E6A97A6003401FE /* DrawerMenuTransitioning.swift */,
				B9AFD8DB1E6A97A6003401FE /* DrawerProtocols.swift */,
			);
			path = Drawer;
			sourceTree = "<group>";
		};
		B9BC0DCD1E48288E00054442 /* Transition */ = {
			isa = PBXGroup;
			children = (
				B9AFD8B81E6A74AC003401FE /* AlphaTransitioning.swift */,
				B9C5F9C41E7A6038004C930A /* ChatTransitioning.swift */,
				B9AFD8BC1E6A77E2003401FE /* ContactListTransitionAnimator.swift */,
				B9164A731E542C50006D22E2 /* MessageWriterTransitioning.swift */,
				B9AFD8B91E6A74AC003401FE /* TranslationTransitioning.swift */,
			);
			path = Transition;
			sourceTree = "<group>";
		};
		B9BDC7961E41A453001805D8 /* Message Writer */ = {
			isa = PBXGroup;
			children = (
				B9D3ABE21E727CA200DB34BE /* MessageWriterData.swift */,
				B9BDC79B1E41A57C001805D8 /* MessageWriterHeader.swift */,
				B98C12051E7F9B370072B440 /* MessageWriterView.swift */,
				B9BDC7971E41A478001805D8 /* MessageWriterViewController.swift */,
				B9BDC79D1E41C1C1001805D8 /* RecipientCell.swift */,
				B9D3ABE01E727A4400DB34BE /* RecipientCellAnimator.swift */,
				B9D3ABDB1E72734300DB34BE /* RecipientCellItem.swift */,
			);
			path = "Message Writer";
			sourceTree = "<group>";
		};
		B9C5F9BB1E7A3627004C930A /* Chat */ = {
			isa = PBXGroup;
			children = (
				B9C1EF901E7BAEDE001CA14D /* ChatDisplayData.swift */,
				B97264361E7CDE6D00A49B50 /* ChatMessageCell.swift */,
				B97264381E7CE05100A49B50 /* ChatMessageCellItem.swift */,
				B9C1EF8E1E7BABBE001CA14D /* ChatMessageLabel.swift */,
				B9C5F9C01E7A3CBF004C930A /* ChatTopBar.swift */,
				B9C5F9BC1E7A3635004C930A /* ChatView.swift */,
				B9C5F9C21E7A4349004C930A /* ChatViewController.swift */,
				B972643A1E7CE5A300A49B50 /* ChatViewItem.swift */,
			);
			path = Chat;
			sourceTree = "<group>";
		};
		B9FA25331E3F0C31009801F0 /* Source */ = {
			isa = PBXGroup;
			children = (
				B9FA25341E3F0C31009801F0 /* Application */,
				B9FA25361E3F0C31009801F0 /* Core Data */,
				B9FA25391E3F0C31009801F0 /* Resources */,
				B9BC0DCD1E48288E00054442 /* Transition */,
				B9FA253F1E3F0CC6009801F0 /* UI */,
				B917922E1E4AECD7007F1BB8 /* Util */,
			);
			path = Source;
			sourceTree = "<group>";
		};
		B9FA25341E3F0C31009801F0 /* Application */ = {
			isa = PBXGroup;
			children = (
				B9FA25351E3F0C31009801F0 /* AppDelegate.swift */,
			);
			path = Application;
			sourceTree = "<group>";
		};
		B9FA25361E3F0C31009801F0 /* Core Data */ = {
			isa = PBXGroup;
			children = (
				B9FA25371E3F0C31009801F0 /* Umalahokan.xcdatamodeld */,
			);
			path = "Core Data";
			sourceTree = "<group>";
		};
		B9FA25391E3F0C31009801F0 /* Resources */ = {
			isa = PBXGroup;
			children = (
				B9086EB71E3EEFFB003AECC4 /* Assets.xcassets */,
				B9086EB91E3EEFFB003AECC4 /* LaunchScreen.storyboard */,
				B9086EB11E3EEFFB003AECC4 /* Main.storyboard */,
			);
			path = Resources;
			sourceTree = "<group>";
		};
		B9FA253F1E3F0CC6009801F0 /* UI */ = {
			isa = PBXGroup;
			children = (
				B9C5F9BB1E7A3627004C930A /* Chat */,
				B992FCEA1E4EBFDD000C694B /* Contact List */,
				B9FA25401E3F0CC6009801F0 /* Default */,
				B9AFD8DA1E6A97A6003401FE /* Drawer */,
				B9BDC7961E41A453001805D8 /* Message Writer */,
				B9FA25421E3F0CC6009801F0 /* Recent Chat */,
			);
			path = UI;
			sourceTree = "<group>";
		};
		B9FA25401E3F0CC6009801F0 /* Default */ = {
			isa = PBXGroup;
			children = (
				B9FA25411E3F0CC6009801F0 /* ViewController.swift */,
			);
			path = Default;
			sourceTree = "<group>";
		};
		B9FA25421E3F0CC6009801F0 /* Recent Chat */ = {
			isa = PBXGroup;
			children = (
				B90D11D41E40694C003A681B /* RecentChatCell.swift */,
				B97264401E7CEBDA00A49B50 /* RecentChatCellItem.swift */,
				B972643C1E7CE8F500A49B50 /* RecentChatDisplayData.swift */,
				B9355E081E40457D00086815 /* RecentChatTopBar.swift */,
				B9355E061E40454400086815 /* RecentChatView.swift */,
				B9FA25441E3F0CF1009801F0 /* RecentChatViewController.swift */,
				B97264481E7D15D000A49B50 /* RecentChatViewItem.swift */,
			);
			path = "Recent Chat";
			sourceTree = "<group>";
		};
/* End PBXGroup section */

/* Begin PBXNativeTarget section */
		B9086EA91E3EEFFB003AECC4 /* Umalahokan */ = {
			isa = PBXNativeTarget;
			buildConfigurationList = B9086ED51E3EEFFB003AECC4 /* Build configuration list for PBXNativeTarget "Umalahokan" */;
			buildPhases = (
				04D536AB85A70EE28BA5CEBE /* [CP] Check Pods Manifest.lock */,
				B9086EA61E3EEFFB003AECC4 /* Sources */,
				B9086EA71E3EEFFB003AECC4 /* Frameworks */,
				B9086EA81E3EEFFB003AECC4 /* Resources */,
				9D7E56B6E6B24416F0BD7576 /* [CP] Embed Pods Frameworks */,
				85022965EE3B3A1BD8044221 /* [CP] Copy Pods Resources */,
			);
			buildRules = (
			);
			dependencies = (
			);
			name = Umalahokan;
			productName = Umalahokan;
			productReference = B9086EAA1E3EEFFB003AECC4 /* Umalahokan.app */;
			productType = "com.apple.product-type.application";
		};
		B9086EC01E3EEFFB003AECC4 /* UmalahokanTests */ = {
			isa = PBXNativeTarget;
			buildConfigurationList = B9086ED81E3EEFFB003AECC4 /* Build configuration list for PBXNativeTarget "UmalahokanTests" */;
			buildPhases = (
				D79A411B17BE6A5617892D28 /* [CP] Check Pods Manifest.lock */,
				B9086EBD1E3EEFFB003AECC4 /* Sources */,
				B9086EBE1E3EEFFB003AECC4 /* Frameworks */,
				B9086EBF1E3EEFFB003AECC4 /* Resources */,
				50E5E8CD9B0312AEBE18E0D0 /* [CP] Embed Pods Frameworks */,
				EA22829A447C441EF37AA16E /* [CP] Copy Pods Resources */,
			);
			buildRules = (
			);
			dependencies = (
				B9086EC31E3EEFFB003AECC4 /* PBXTargetDependency */,
			);
			name = UmalahokanTests;
			productName = UmalahokanTests;
			productReference = B9086EC11E3EEFFB003AECC4 /* UmalahokanTests.xctest */;
			productType = "com.apple.product-type.bundle.unit-test";
		};
		B9086ECB1E3EEFFB003AECC4 /* UmalahokanUITests */ = {
			isa = PBXNativeTarget;
			buildConfigurationList = B9086EDB1E3EEFFB003AECC4 /* Build configuration list for PBXNativeTarget "UmalahokanUITests" */;
			buildPhases = (
				26E52D5E300BB0B58F79D49B /* [CP] Check Pods Manifest.lock */,
				B9086EC81E3EEFFB003AECC4 /* Sources */,
				B9086EC91E3EEFFB003AECC4 /* Frameworks */,
				B9086ECA1E3EEFFB003AECC4 /* Resources */,
				81541717E26ED9DAFA486AC2 /* [CP] Embed Pods Frameworks */,
				AD502593C05B94C3D14FEA6C /* [CP] Copy Pods Resources */,
			);
			buildRules = (
			);
			dependencies = (
				B9086ECE1E3EEFFB003AECC4 /* PBXTargetDependency */,
			);
			name = UmalahokanUITests;
			productName = UmalahokanUITests;
			productReference = B9086ECC1E3EEFFB003AECC4 /* UmalahokanUITests.xctest */;
			productType = "com.apple.product-type.bundle.ui-testing";
		};
/* End PBXNativeTarget section */

/* Begin PBXProject section */
		B9086EA21E3EEFFA003AECC4 /* Project object */ = {
			isa = PBXProject;
			attributes = {
				LastSwiftUpdateCheck = 0800;
				LastUpgradeCheck = 0800;
				ORGANIZATIONNAME = Ner;
				TargetAttributes = {
					B9086EA91E3EEFFB003AECC4 = {
						CreatedOnToolsVersion = 8.0;
						DevelopmentTeam = 4WBRGV5Z9M;
						ProvisioningStyle = Automatic;
						SystemCapabilities = {
							com.apple.Keychain = {
								enabled = 1;
							};
						};
					};
					B9086EC01E3EEFFB003AECC4 = {
						CreatedOnToolsVersion = 8.0;
						DevelopmentTeam = 4WBRGV5Z9M;
						ProvisioningStyle = Automatic;
						TestTargetID = B9086EA91E3EEFFB003AECC4;
					};
					B9086ECB1E3EEFFB003AECC4 = {
						CreatedOnToolsVersion = 8.0;
						DevelopmentTeam = 4WBRGV5Z9M;
						ProvisioningStyle = Automatic;
						TestTargetID = B9086EA91E3EEFFB003AECC4;
					};
				};
			};
			buildConfigurationList = B9086EA51E3EEFFA003AECC4 /* Build configuration list for PBXProject "Umalahokan" */;
			compatibilityVersion = "Xcode 3.2";
			developmentRegion = English;
			hasScannedForEncodings = 0;
			knownRegions = (
				en,
				Base,
			);
			mainGroup = B9086EA11E3EEFFA003AECC4;
			productRefGroup = B9086EAB1E3EEFFB003AECC4 /* Products */;
			projectDirPath = "";
			projectRoot = "";
			targets = (
				B9086EA91E3EEFFB003AECC4 /* Umalahokan */,
				B9086EC01E3EEFFB003AECC4 /* UmalahokanTests */,
				B9086ECB1E3EEFFB003AECC4 /* UmalahokanUITests */,
			);
		};
/* End PBXProject section */

/* Begin PBXResourcesBuildPhase section */
		B9086EA81E3EEFFB003AECC4 /* Resources */ = {
			isa = PBXResourcesBuildPhase;
			buildActionMask = 2147483647;
			files = (
				B9086EBB1E3EEFFB003AECC4 /* LaunchScreen.storyboard in Resources */,
				B99B01CB1EBC6FF10044F51C /* GoogleService-Info.plist in Resources */,
				B9086EB81E3EEFFB003AECC4 /* Assets.xcassets in Resources */,
				B9086EB31E3EEFFB003AECC4 /* Main.storyboard in Resources */,
			);
			runOnlyForDeploymentPostprocessing = 0;
		};
		B9086EBF1E3EEFFB003AECC4 /* Resources */ = {
			isa = PBXResourcesBuildPhase;
			buildActionMask = 2147483647;
			files = (
			);
			runOnlyForDeploymentPostprocessing = 0;
		};
		B9086ECA1E3EEFFB003AECC4 /* Resources */ = {
			isa = PBXResourcesBuildPhase;
			buildActionMask = 2147483647;
			files = (
			);
			runOnlyForDeploymentPostprocessing = 0;
		};
/* End PBXResourcesBuildPhase section */

/* Begin PBXShellScriptBuildPhase section */
		04D536AB85A70EE28BA5CEBE /* [CP] Check Pods Manifest.lock */ = {
			isa = PBXShellScriptBuildPhase;
			buildActionMask = 2147483647;
			files = (
			);
			inputPaths = (
			);
			name = "[CP] Check Pods Manifest.lock";
			outputPaths = (
			);
			runOnlyForDeploymentPostprocessing = 0;
			shellPath = /bin/sh;
			shellScript = "diff \"${PODS_PODFILE_DIR_PATH}/Podfile.lock\" \"${PODS_ROOT}/Manifest.lock\" > /dev/null\nif [ $? != 0 ] ; then\n    # print error to STDERR\n    echo \"error: The sandbox is not in sync with the Podfile.lock. Run 'pod install' or update your CocoaPods installation.\" >&2\n    exit 1\nfi\n";
			showEnvVarsInLog = 0;
		};
		26E52D5E300BB0B58F79D49B /* [CP] Check Pods Manifest.lock */ = {
			isa = PBXShellScriptBuildPhase;
			buildActionMask = 2147483647;
			files = (
			);
			inputPaths = (
			);
			name = "[CP] Check Pods Manifest.lock";
			outputPaths = (
			);
			runOnlyForDeploymentPostprocessing = 0;
			shellPath = /bin/sh;
			shellScript = "diff \"${PODS_PODFILE_DIR_PATH}/Podfile.lock\" \"${PODS_ROOT}/Manifest.lock\" > /dev/null\nif [ $? != 0 ] ; then\n    # print error to STDERR\n    echo \"error: The sandbox is not in sync with the Podfile.lock. Run 'pod install' or update your CocoaPods installation.\" >&2\n    exit 1\nfi\n";
			showEnvVarsInLog = 0;
		};
		50E5E8CD9B0312AEBE18E0D0 /* [CP] Embed Pods Frameworks */ = {
			isa = PBXShellScriptBuildPhase;
			buildActionMask = 2147483647;
			files = (
			);
			inputPaths = (
			);
			name = "[CP] Embed Pods Frameworks";
			outputPaths = (
			);
			runOnlyForDeploymentPostprocessing = 0;
			shellPath = /bin/sh;
			shellScript = "\"${SRCROOT}/Pods/Target Support Files/Pods-UmalahokanTests/Pods-UmalahokanTests-frameworks.sh\"\n";
			showEnvVarsInLog = 0;
		};
		81541717E26ED9DAFA486AC2 /* [CP] Embed Pods Frameworks */ = {
			isa = PBXShellScriptBuildPhase;
			buildActionMask = 2147483647;
			files = (
			);
			inputPaths = (
			);
			name = "[CP] Embed Pods Frameworks";
			outputPaths = (
			);
			runOnlyForDeploymentPostprocessing = 0;
			shellPath = /bin/sh;
			shellScript = "\"${SRCROOT}/Pods/Target Support Files/Pods-UmalahokanUITests/Pods-UmalahokanUITests-frameworks.sh\"\n";
			showEnvVarsInLog = 0;
		};
		85022965EE3B3A1BD8044221 /* [CP] Copy Pods Resources */ = {
			isa = PBXShellScriptBuildPhase;
			buildActionMask = 2147483647;
			files = (
			);
			inputPaths = (
			);
			name = "[CP] Copy Pods Resources";
			outputPaths = (
			);
			runOnlyForDeploymentPostprocessing = 0;
			shellPath = /bin/sh;
			shellScript = "\"${SRCROOT}/Pods/Target Support Files/Pods-Umalahokan/Pods-Umalahokan-resources.sh\"\n";
			showEnvVarsInLog = 0;
		};
		9D7E56B6E6B24416F0BD7576 /* [CP] Embed Pods Frameworks */ = {
			isa = PBXShellScriptBuildPhase;
			buildActionMask = 2147483647;
			files = (
			);
			inputPaths = (
			);
			name = "[CP] Embed Pods Frameworks";
			outputPaths = (
			);
			runOnlyForDeploymentPostprocessing = 0;
			shellPath = /bin/sh;
			shellScript = "\"${SRCROOT}/Pods/Target Support Files/Pods-Umalahokan/Pods-Umalahokan-frameworks.sh\"\n";
			showEnvVarsInLog = 0;
		};
		AD502593C05B94C3D14FEA6C /* [CP] Copy Pods Resources */ = {
			isa = PBXShellScriptBuildPhase;
			buildActionMask = 2147483647;
			files = (
			);
			inputPaths = (
			);
			name = "[CP] Copy Pods Resources";
			outputPaths = (
			);
			runOnlyForDeploymentPostprocessing = 0;
			shellPath = /bin/sh;
			shellScript = "\"${SRCROOT}/Pods/Target Support Files/Pods-UmalahokanUITests/Pods-UmalahokanUITests-resources.sh\"\n";
			showEnvVarsInLog = 0;
		};
		D79A411B17BE6A5617892D28 /* [CP] Check Pods Manifest.lock */ = {
			isa = PBXShellScriptBuildPhase;
			buildActionMask = 2147483647;
			files = (
			);
			inputPaths = (
			);
			name = "[CP] Check Pods Manifest.lock";
			outputPaths = (
			);
			runOnlyForDeploymentPostprocessing = 0;
			shellPath = /bin/sh;
			shellScript = "diff \"${PODS_PODFILE_DIR_PATH}/Podfile.lock\" \"${PODS_ROOT}/Manifest.lock\" > /dev/null\nif [ $? != 0 ] ; then\n    # print error to STDERR\n    echo \"error: The sandbox is not in sync with the Podfile.lock. Run 'pod install' or update your CocoaPods installation.\" >&2\n    exit 1\nfi\n";
			showEnvVarsInLog = 0;
		};
		EA22829A447C441EF37AA16E /* [CP] Copy Pods Resources */ = {
			isa = PBXShellScriptBuildPhase;
			buildActionMask = 2147483647;
			files = (
			);
			inputPaths = (
			);
			name = "[CP] Copy Pods Resources";
			outputPaths = (
			);
			runOnlyForDeploymentPostprocessing = 0;
			shellPath = /bin/sh;
			shellScript = "\"${SRCROOT}/Pods/Target Support Files/Pods-UmalahokanTests/Pods-UmalahokanTests-resources.sh\"\n";
			showEnvVarsInLog = 0;
		};
/* End PBXShellScriptBuildPhase section */

/* Begin PBXSourcesBuildPhase section */
		B9086EA61E3EEFFB003AECC4 /* Sources */ = {
			isa = PBXSourcesBuildPhase;
			buildActionMask = 2147483647;
			files = (
				B9AABF861EB9BFED00238BEF /* RemoteDatabase.swift in Sources */,
				B91792301E4AECE4007F1BB8 /* KeyboardHandler.swift in Sources */,
				B9D3ABDC1E72734300DB34BE /* RecipientCellItem.swift in Sources */,
				B97264411E7CEBDA00A49B50 /* RecentChatCellItem.swift in Sources */,
				B99B01CD1EBC70A40044F51C /* MoodExtension.swift in Sources */,
				B9AABF811EB9BFED00238BEF /* AuthRemoteService.swift in Sources */,
				B9AABFA71EB9C06500238BEF /* DatabaseAccess.swift in Sources */,
				B9AFD8BA1E6A74AC003401FE /* AlphaTransitioning.swift in Sources */,
				B9AFD8E21E6A97A6003401FE /* DrawerMenuInteractiveTransition.swift in Sources */,
				B9AABFA81EB9C06500238BEF /* DatabaseProtocol.swift in Sources */,
				B9AABF971EB9C03600238BEF /* LoginArbiter.swift in Sources */,
				B9AABF831EB9BFED00238BEF /* FirebaseHelper.swift in Sources */,
				B9AABF881EB9BFED00238BEF /* RemoteDatabaseAccess.swift in Sources */,
				B9C5F9C51E7A6038004C930A /* ChatTransitioning.swift in Sources */,
				B9FA25431E3F0CC6009801F0 /* ViewController.swift in Sources */,
				B9355E071E40454400086815 /* RecentChatView.swift in Sources */,
				B992FCEC1E4EBFFA000C694B /* ContactListViewController.swift in Sources */,
				B972643D1E7CE8F500A49B50 /* RecentChatDisplayData.swift in Sources */,
				B98C12061E7F9B370072B440 /* MessageWriterView.swift in Sources */,
				B992FCF01E4EC298000C694B /* ContactListCell.swift in Sources */,
				B9355E091E40457D00086815 /* RecentChatTopBar.swift in Sources */,
				B9AFD8BD1E6A77E2003401FE /* ContactListTransitionAnimator.swift in Sources */,
				B9AFD8BB1E6A74AC003401FE /* TranslationTransitioning.swift in Sources */,
				B9C5F9BD1E7A3635004C930A /* ChatView.swift in Sources */,
				B98C12041E7F7F290072B440 /* UmalahokanTextView.swift in Sources */,
				B9AABFAC1EB9C0B700238BEF /* LoginViewController.swift in Sources */,
				B97264471E7D120900A49B50 /* ContactListDisplayData.swift in Sources */,
				B9AABFA91EB9C06500238BEF /* UserService.swift in Sources */,
				B9BDC79C1E41A57C001805D8 /* MessageWriterHeader.swift in Sources */,
				B9AABFA51EB9C06500238BEF /* AuthService.swift in Sources */,
				B9C1EF8F1E7BABBE001CA14D /* ChatMessageLabel.swift in Sources */,
				B98C12021E7F6CF30072B440 /* SendView.swift in Sources */,
				B9AABF821EB9BFED00238BEF /* DatabaseAccessErrorExtension.swift in Sources */,
				B9C5F9C11E7A3CBF004C930A /* ChatTopBar.swift in Sources */,
				B9D3ABE31E727CA200DB34BE /* MessageWriterData.swift in Sources */,
				B97264491E7D15D000A49B50 /* RecentChatViewItem.swift in Sources */,
				B972643B1E7CE5A300A49B50 /* ChatViewItem.swift in Sources */,
				B9AABF981EB9C03600238BEF /* LoginPresenter.swift in Sources */,
				B905834D1E7796DA00B18334 /* UITheme.swift in Sources */,
				B9AABF841EB9BFED00238BEF /* UserExtension.swift in Sources */,
				B9D3ABDA1E72699C00DB34BE /* KeyboardObserverProtocol.swift in Sources */,
				B9AABFA41EB9C06500238BEF /* Contact.swift in Sources */,
				B992500E1E4DA5A800DF5C23 /* CALayerExtension.swift in Sources */,
				B9AFD8E31E6A97A6003401FE /* DrawerMenuTransition.swift in Sources */,
				B9AABF991EB9C03600238BEF /* LoginWireframe.swift in Sources */,
				B9AABF961EB9C03600238BEF /* LoginScene.swift in Sources */,
				B9C1EF911E7BAEDE001CA14D /* ChatDisplayData.swift in Sources */,
				B9FA25451E3F0CF1009801F0 /* RecentChatViewController.swift in Sources */,
				B992FCEE1E4EC018000C694B /* ContactListView.swift in Sources */,
				B9AFD8E01E6A97A6003401FE /* DrawerProtocols.swift in Sources */,
				B90D11D51E40694C003A681B /* RecentChatCell.swift in Sources */,
				B9AFD8E61E6AA5DC003401FE /* UmalahokanDrawerController.swift in Sources */,
				B9AABFA61EB9C06500238BEF /* User.swift in Sources */,
				B97264371E7CDE6D00A49B50 /* ChatMessageCell.swift in Sources */,
				B9AFD8E11E6A97A6003401FE /* DrawerContainerViewController.swift in Sources */,
				B9AABF8A1EB9BFED00238BEF /* AuthServiceErrorExtension.swift in Sources */,
				B9AABF891EB9BFED00238BEF /* ResourcePath.swift in Sources */,
				B9164A741E542C50006D22E2 /* MessageWriterTransitioning.swift in Sources */,
				B9AFD8E41E6A97A6003401FE /* DrawerMenuTransitioning.swift in Sources */,
				B9AABF851EB9BFED00238BEF /* FIRDataSnapshotExtension.swift in Sources */,
				B9D3ABE11E727A4400DB34BE /* RecipientCellAnimator.swift in Sources */,
				B9AABFA31EB9C06500238BEF /* Mood.swift in Sources */,
				B9BDC79E1E41C1C1001805D8 /* RecipientCell.swift in Sources */,
				B9AABF951EB9C03600238BEF /* LoginModule.swift in Sources */,
				B9AABF9A1EB9C03600238BEF /* LoginInteractor.swift in Sources */,
				B9AABF871EB9BFED00238BEF /* RemoteDatabaseSource.swift in Sources */,
				B97264391E7CE05100A49B50 /* ChatMessageCellItem.swift in Sources */,
				B9C5F9BF1E7A3941004C930A /* LayoutDimension.swift in Sources */,
				B9C5F9C31E7A4349004C930A /* ChatViewController.swift in Sources */,
				B97264451E7D113600A49B50 /* ContactListCellItem.swift in Sources */,
				B9FA253D1E3F0C31009801F0 /* Umalahokan.xcdatamodeld in Sources */,
				B9FA253C1E3F0C31009801F0 /* AppDelegate.swift in Sources */,
				B9C5F9CD1E7A6E23004C930A /* ReusableProtocol.swift in Sources */,
				B9BDC7981E41A478001805D8 /* MessageWriterViewController.swift in Sources */,
			);
			runOnlyForDeploymentPostprocessing = 0;
		};
		B9086EBD1E3EEFFB003AECC4 /* Sources */ = {
			isa = PBXSourcesBuildPhase;
			buildActionMask = 2147483647;
			files = (
				B9086EC61E3EEFFB003AECC4 /* UmalahokanTests.swift in Sources */,
			);
			runOnlyForDeploymentPostprocessing = 0;
		};
		B9086EC81E3EEFFB003AECC4 /* Sources */ = {
			isa = PBXSourcesBuildPhase;
			buildActionMask = 2147483647;
			files = (
				B9086ED11E3EEFFB003AECC4 /* UmalahokanUITests.swift in Sources */,
			);
			runOnlyForDeploymentPostprocessing = 0;
		};
/* End PBXSourcesBuildPhase section */

/* Begin PBXTargetDependency section */
		B9086EC31E3EEFFB003AECC4 /* PBXTargetDependency */ = {
			isa = PBXTargetDependency;
			target = B9086EA91E3EEFFB003AECC4 /* Umalahokan */;
			targetProxy = B9086EC21E3EEFFB003AECC4 /* PBXContainerItemProxy */;
		};
		B9086ECE1E3EEFFB003AECC4 /* PBXTargetDependency */ = {
			isa = PBXTargetDependency;
			target = B9086EA91E3EEFFB003AECC4 /* Umalahokan */;
			targetProxy = B9086ECD1E3EEFFB003AECC4 /* PBXContainerItemProxy */;
		};
/* End PBXTargetDependency section */

/* Begin PBXVariantGroup section */
		B9086EB11E3EEFFB003AECC4 /* Main.storyboard */ = {
			isa = PBXVariantGroup;
			children = (
				B9086EB21E3EEFFB003AECC4 /* Base */,
			);
			name = Main.storyboard;
			path = ../..;
			sourceTree = "<group>";
		};
		B9086EB91E3EEFFB003AECC4 /* LaunchScreen.storyboard */ = {
			isa = PBXVariantGroup;
			children = (
				B9086EBA1E3EEFFB003AECC4 /* Base */,
			);
			name = LaunchScreen.storyboard;
			path = ../..;
			sourceTree = "<group>";
		};
/* End PBXVariantGroup section */

/* Begin XCBuildConfiguration section */
		B9086ED31E3EEFFB003AECC4 /* Debug */ = {
			isa = XCBuildConfiguration;
			buildSettings = {
				ALWAYS_SEARCH_USER_PATHS = NO;
				CLANG_ANALYZER_NONNULL = YES;
				CLANG_CXX_LANGUAGE_STANDARD = "gnu++0x";
				CLANG_CXX_LIBRARY = "libc++";
				CLANG_ENABLE_MODULES = YES;
				CLANG_ENABLE_OBJC_ARC = YES;
				CLANG_WARN_BOOL_CONVERSION = YES;
				CLANG_WARN_CONSTANT_CONVERSION = YES;
				CLANG_WARN_DIRECT_OBJC_ISA_USAGE = YES_ERROR;
				CLANG_WARN_DOCUMENTATION_COMMENTS = YES;
				CLANG_WARN_EMPTY_BODY = YES;
				CLANG_WARN_ENUM_CONVERSION = YES;
				CLANG_WARN_INFINITE_RECURSION = YES;
				CLANG_WARN_INT_CONVERSION = YES;
				CLANG_WARN_OBJC_ROOT_CLASS = YES_ERROR;
				CLANG_WARN_SUSPICIOUS_MOVE = YES;
				CLANG_WARN_SUSPICIOUS_MOVES = YES;
				CLANG_WARN_UNREACHABLE_CODE = YES;
				CLANG_WARN__DUPLICATE_METHOD_MATCH = YES;
				"CODE_SIGN_IDENTITY[sdk=iphoneos*]" = "iPhone Developer";
				COPY_PHASE_STRIP = NO;
				DEBUG_INFORMATION_FORMAT = dwarf;
				ENABLE_STRICT_OBJC_MSGSEND = YES;
				ENABLE_TESTABILITY = YES;
				GCC_C_LANGUAGE_STANDARD = gnu99;
				GCC_DYNAMIC_NO_PIC = NO;
				GCC_NO_COMMON_BLOCKS = YES;
				GCC_OPTIMIZATION_LEVEL = 0;
				GCC_PREPROCESSOR_DEFINITIONS = (
					"DEBUG=1",
					"$(inherited)",
				);
				GCC_WARN_64_TO_32_BIT_CONVERSION = YES;
				GCC_WARN_ABOUT_RETURN_TYPE = YES_ERROR;
				GCC_WARN_UNDECLARED_SELECTOR = YES;
				GCC_WARN_UNINITIALIZED_AUTOS = YES_AGGRESSIVE;
				GCC_WARN_UNUSED_FUNCTION = YES;
				GCC_WARN_UNUSED_VARIABLE = YES;
				IPHONEOS_DEPLOYMENT_TARGET = 10.0;
				MTL_ENABLE_DEBUG_INFO = YES;
				ONLY_ACTIVE_ARCH = YES;
				SDKROOT = iphoneos;
				SWIFT_ACTIVE_COMPILATION_CONDITIONS = DEBUG;
				SWIFT_OPTIMIZATION_LEVEL = "-Onone";
				TARGETED_DEVICE_FAMILY = "1,2";
			};
			name = Debug;
		};
		B9086ED41E3EEFFB003AECC4 /* Release */ = {
			isa = XCBuildConfiguration;
			buildSettings = {
				ALWAYS_SEARCH_USER_PATHS = NO;
				CLANG_ANALYZER_NONNULL = YES;
				CLANG_CXX_LANGUAGE_STANDARD = "gnu++0x";
				CLANG_CXX_LIBRARY = "libc++";
				CLANG_ENABLE_MODULES = YES;
				CLANG_ENABLE_OBJC_ARC = YES;
				CLANG_WARN_BOOL_CONVERSION = YES;
				CLANG_WARN_CONSTANT_CONVERSION = YES;
				CLANG_WARN_DIRECT_OBJC_ISA_USAGE = YES_ERROR;
				CLANG_WARN_DOCUMENTATION_COMMENTS = YES;
				CLANG_WARN_EMPTY_BODY = YES;
				CLANG_WARN_ENUM_CONVERSION = YES;
				CLANG_WARN_INFINITE_RECURSION = YES;
				CLANG_WARN_INT_CONVERSION = YES;
				CLANG_WARN_OBJC_ROOT_CLASS = YES_ERROR;
				CLANG_WARN_SUSPICIOUS_MOVE = YES;
				CLANG_WARN_SUSPICIOUS_MOVES = YES;
				CLANG_WARN_UNREACHABLE_CODE = YES;
				CLANG_WARN__DUPLICATE_METHOD_MATCH = YES;
				"CODE_SIGN_IDENTITY[sdk=iphoneos*]" = "iPhone Developer";
				COPY_PHASE_STRIP = NO;
				DEBUG_INFORMATION_FORMAT = "dwarf-with-dsym";
				ENABLE_NS_ASSERTIONS = NO;
				ENABLE_STRICT_OBJC_MSGSEND = YES;
				GCC_C_LANGUAGE_STANDARD = gnu99;
				GCC_NO_COMMON_BLOCKS = YES;
				GCC_WARN_64_TO_32_BIT_CONVERSION = YES;
				GCC_WARN_ABOUT_RETURN_TYPE = YES_ERROR;
				GCC_WARN_UNDECLARED_SELECTOR = YES;
				GCC_WARN_UNINITIALIZED_AUTOS = YES_AGGRESSIVE;
				GCC_WARN_UNUSED_FUNCTION = YES;
				GCC_WARN_UNUSED_VARIABLE = YES;
				IPHONEOS_DEPLOYMENT_TARGET = 10.0;
				MTL_ENABLE_DEBUG_INFO = NO;
				SDKROOT = iphoneos;
				SWIFT_OPTIMIZATION_LEVEL = "-Owholemodule";
				TARGETED_DEVICE_FAMILY = "1,2";
				VALIDATE_PRODUCT = YES;
			};
			name = Release;
		};
		B9086ED61E3EEFFB003AECC4 /* Debug */ = {
			isa = XCBuildConfiguration;
			baseConfigurationReference = CF75BBE235B2B6FE25063419 /* Pods-Umalahokan.debug.xcconfig */;
			buildSettings = {
				ALWAYS_EMBED_SWIFT_STANDARD_LIBRARIES = "$(inherited)";
				ASSETCATALOG_COMPILER_APPICON_NAME = AppIcon;
				CODE_SIGN_ENTITLEMENTS = Umalahokan/Umalahokan.entitlements;
				DEVELOPMENT_TEAM = 4WBRGV5Z9M;
				INFOPLIST_FILE = Umalahokan/Info.plist;
				LD_RUNPATH_SEARCH_PATHS = "$(inherited) @executable_path/Frameworks";
				PRODUCT_BUNDLE_IDENTIFIER = com.ner.Umalahokan;
				PRODUCT_NAME = "$(TARGET_NAME)";
				SWIFT_VERSION = 3.0;
			};
			name = Debug;
		};
		B9086ED71E3EEFFB003AECC4 /* Release */ = {
			isa = XCBuildConfiguration;
			baseConfigurationReference = 5E1A9A72839BC12B4B5BD799 /* Pods-Umalahokan.release.xcconfig */;
			buildSettings = {
				ALWAYS_EMBED_SWIFT_STANDARD_LIBRARIES = "$(inherited)";
				ASSETCATALOG_COMPILER_APPICON_NAME = AppIcon;
				CODE_SIGN_ENTITLEMENTS = Umalahokan/Umalahokan.entitlements;
				DEVELOPMENT_TEAM = 4WBRGV5Z9M;
				INFOPLIST_FILE = Umalahokan/Info.plist;
				LD_RUNPATH_SEARCH_PATHS = "$(inherited) @executable_path/Frameworks";
				PRODUCT_BUNDLE_IDENTIFIER = com.ner.Umalahokan;
				PRODUCT_NAME = "$(TARGET_NAME)";
				SWIFT_VERSION = 3.0;
			};
			name = Release;
		};
		B9086ED91E3EEFFB003AECC4 /* Debug */ = {
			isa = XCBuildConfiguration;
			baseConfigurationReference = D806B9F741CAEA5FFC41DDB2 /* Pods-UmalahokanTests.debug.xcconfig */;
			buildSettings = {
				ALWAYS_EMBED_SWIFT_STANDARD_LIBRARIES = YES;
				BUNDLE_LOADER = "$(TEST_HOST)";
				DEVELOPMENT_TEAM = 4WBRGV5Z9M;
				INFOPLIST_FILE = UmalahokanTests/Info.plist;
				LD_RUNPATH_SEARCH_PATHS = "$(inherited) @executable_path/Frameworks @loader_path/Frameworks";
				PRODUCT_BUNDLE_IDENTIFIER = com.ner.UmalahokanTests;
				PRODUCT_NAME = "$(TARGET_NAME)";
				SWIFT_VERSION = 3.0;
				TEST_HOST = "$(BUILT_PRODUCTS_DIR)/Umalahokan.app/Umalahokan";
			};
			name = Debug;
		};
		B9086EDA1E3EEFFB003AECC4 /* Release */ = {
			isa = XCBuildConfiguration;
			baseConfigurationReference = 2185C33C91D28402D10B2F2B /* Pods-UmalahokanTests.release.xcconfig */;
			buildSettings = {
				ALWAYS_EMBED_SWIFT_STANDARD_LIBRARIES = YES;
				BUNDLE_LOADER = "$(TEST_HOST)";
				DEVELOPMENT_TEAM = 4WBRGV5Z9M;
				INFOPLIST_FILE = UmalahokanTests/Info.plist;
				LD_RUNPATH_SEARCH_PATHS = "$(inherited) @executable_path/Frameworks @loader_path/Frameworks";
				PRODUCT_BUNDLE_IDENTIFIER = com.ner.UmalahokanTests;
				PRODUCT_NAME = "$(TARGET_NAME)";
				SWIFT_VERSION = 3.0;
				TEST_HOST = "$(BUILT_PRODUCTS_DIR)/Umalahokan.app/Umalahokan";
			};
			name = Release;
		};
		B9086EDC1E3EEFFB003AECC4 /* Debug */ = {
			isa = XCBuildConfiguration;
			baseConfigurationReference = 0CC78A2F6594310DF073CA6F /* Pods-UmalahokanUITests.debug.xcconfig */;
			buildSettings = {
				ALWAYS_EMBED_SWIFT_STANDARD_LIBRARIES = YES;
				DEVELOPMENT_TEAM = 4WBRGV5Z9M;
				INFOPLIST_FILE = UmalahokanUITests/Info.plist;
				LD_RUNPATH_SEARCH_PATHS = "$(inherited) @executable_path/Frameworks @loader_path/Frameworks";
				PRODUCT_BUNDLE_IDENTIFIER = com.ner.UmalahokanUITests;
				PRODUCT_NAME = "$(TARGET_NAME)";
				SWIFT_VERSION = 3.0;
				TEST_TARGET_NAME = Umalahokan;
			};
			name = Debug;
		};
		B9086EDD1E3EEFFB003AECC4 /* Release */ = {
			isa = XCBuildConfiguration;
			baseConfigurationReference = 35430BBA7EFB66770C0F3BD3 /* Pods-UmalahokanUITests.release.xcconfig */;
			buildSettings = {
				ALWAYS_EMBED_SWIFT_STANDARD_LIBRARIES = YES;
				DEVELOPMENT_TEAM = 4WBRGV5Z9M;
				INFOPLIST_FILE = UmalahokanUITests/Info.plist;
				LD_RUNPATH_SEARCH_PATHS = "$(inherited) @executable_path/Frameworks @loader_path/Frameworks";
				PRODUCT_BUNDLE_IDENTIFIER = com.ner.UmalahokanUITests;
				PRODUCT_NAME = "$(TARGET_NAME)";
				SWIFT_VERSION = 3.0;
				TEST_TARGET_NAME = Umalahokan;
			};
			name = Release;
		};
/* End XCBuildConfiguration section */

/* Begin XCConfigurationList section */
		B9086EA51E3EEFFA003AECC4 /* Build configuration list for PBXProject "Umalahokan" */ = {
			isa = XCConfigurationList;
			buildConfigurations = (
				B9086ED31E3EEFFB003AECC4 /* Debug */,
				B9086ED41E3EEFFB003AECC4 /* Release */,
			);
			defaultConfigurationIsVisible = 0;
			defaultConfigurationName = Release;
		};
		B9086ED51E3EEFFB003AECC4 /* Build configuration list for PBXNativeTarget "Umalahokan" */ = {
			isa = XCConfigurationList;
			buildConfigurations = (
				B9086ED61E3EEFFB003AECC4 /* Debug */,
				B9086ED71E3EEFFB003AECC4 /* Release */,
			);
			defaultConfigurationIsVisible = 0;
			defaultConfigurationName = Release;
		};
		B9086ED81E3EEFFB003AECC4 /* Build configuration list for PBXNativeTarget "UmalahokanTests" */ = {
			isa = XCConfigurationList;
			buildConfigurations = (
				B9086ED91E3EEFFB003AECC4 /* Debug */,
				B9086EDA1E3EEFFB003AECC4 /* Release */,
			);
			defaultConfigurationIsVisible = 0;
			defaultConfigurationName = Release;
		};
		B9086EDB1E3EEFFB003AECC4 /* Build configuration list for PBXNativeTarget "UmalahokanUITests" */ = {
			isa = XCConfigurationList;
			buildConfigurations = (
				B9086EDC1E3EEFFB003AECC4 /* Debug */,
				B9086EDD1E3EEFFB003AECC4 /* Release */,
			);
			defaultConfigurationIsVisible = 0;
			defaultConfigurationName = Release;
		};
/* End XCConfigurationList section */

/* Begin XCVersionGroup section */
		B9FA25371E3F0C31009801F0 /* Umalahokan.xcdatamodeld */ = {
			isa = XCVersionGroup;
			children = (
				B9FA25381E3F0C31009801F0 /* Umalahokan.xcdatamodel */,
			);
			currentVersion = B9FA25381E3F0C31009801F0 /* Umalahokan.xcdatamodel */;
			path = Umalahokan.xcdatamodeld;
			sourceTree = "<group>";
			versionGroupType = wrapper.xcdatamodel;
		};
/* End XCVersionGroup section */
	};
	rootObject = B9086EA21E3EEFFA003AECC4 /* Project object */;
}
