// !$*UTF8*$!
{
	archiveVersion = 1;
	classes = {
	};
	objectVersion = 46;
	objects = {

/* Begin PBXBuildFile section */
		3BE97A70C6F57EF0512C55D0 /* Pods_UmalahokanApp_ServiceProvider.framework in Frameworks */ = {isa = PBXBuildFile; fileRef = 1A17F789C2311597E8003423 /* Pods_UmalahokanApp_ServiceProvider.framework */; };
		AD78E9B22D80F193B0522BD5 /* Pods_ServiceProviderTests.framework in Frameworks */ = {isa = PBXBuildFile; fileRef = 427F46B0937CB083D1169737 /* Pods_ServiceProviderTests.framework */; };
		B970BFDA1E8DF615009F010D /* DatabaseAccessErrorTest.swift in Sources */ = {isa = PBXBuildFile; fileRef = B970BFD91E8DF615009F010D /* DatabaseAccessErrorTest.swift */; };
		B970BFDC1E8E06E5009F010D /* CredentialList.swift in Sources */ = {isa = PBXBuildFile; fileRef = B970BFDB1E8E06E5009F010D /* CredentialList.swift */; };
		B970BFDF1E8E0751009F010D /* UserList.swift in Sources */ = {isa = PBXBuildFile; fileRef = B970BFDE1E8E0751009F010D /* UserList.swift */; };
		B98299951E88FB3900624644 /* UserExtension.swift in Sources */ = {isa = PBXBuildFile; fileRef = B98299941E88FB3900624644 /* UserExtension.swift */; };
		B98299981E88FB7000624644 /* AuthServiceErrorExtension.swift in Sources */ = {isa = PBXBuildFile; fileRef = B98299971E88FB7000624644 /* AuthServiceErrorExtension.swift */; };
		B982999A1E88FB8F00624644 /* FIRDataSnapshotExtension.swift in Sources */ = {isa = PBXBuildFile; fileRef = B98299991E88FB8F00624644 /* FIRDataSnapshotExtension.swift */; };
		B992F6A51E863ACE00A997EA /* GoogleService-Info.plist in Resources */ = {isa = PBXBuildFile; fileRef = B992F6A41E863ACE00A997EA /* GoogleService-Info.plist */; };
		B992F6B21E8644DA00A997EA /* FirebaseHelper.swift in Sources */ = {isa = PBXBuildFile; fileRef = B992F6B11E8644DA00A997EA /* FirebaseHelper.swift */; };
		B9BB81671E8B5C5B00A95E8E /* UsersResourceTest.swift in Sources */ = {isa = PBXBuildFile; fileRef = B9BB81661E8B5C5B00A95E8E /* UsersResourceTest.swift */; };
		B9BB816A1E8B5D3400A95E8E /* AuthServiceErrorTest.swift in Sources */ = {isa = PBXBuildFile; fileRef = B9BB81691E8B5D3400A95E8E /* AuthServiceErrorTest.swift */; };
		B9BB816C1E8B7B9800A95E8E /* RemoteDatabaseSourceTest.swift in Sources */ = {isa = PBXBuildFile; fileRef = B9BB816B1E8B7B9800A95E8E /* RemoteDatabaseSourceTest.swift */; };
		B9BB816E1E8B7CA100A95E8E /* RemoteDatabaseSourceMock.swift in Sources */ = {isa = PBXBuildFile; fileRef = B9BB816D1E8B7CA100A95E8E /* RemoteDatabaseSourceMock.swift */; };
		B9BB81701E8B7FFC00A95E8E /* FIRDataSnapshotMock.swift in Sources */ = {isa = PBXBuildFile; fileRef = B9BB816F1E8B7FFC00A95E8E /* FIRDataSnapshotMock.swift */; };
		B9BB81721E8B802100A95E8E /* FIRDatabaseReferenceMock.swift in Sources */ = {isa = PBXBuildFile; fileRef = B9BB81711E8B802100A95E8E /* FIRDatabaseReferenceMock.swift */; };
		B9BB81741E8B8EA100A95E8E /* FIRAuthMock.swift in Sources */ = {isa = PBXBuildFile; fileRef = B9BB81731E8B8EA100A95E8E /* FIRAuthMock.swift */; };
		B9BB81781E8B981C00A95E8E /* RemoteDatabaseAccessTest.swift in Sources */ = {isa = PBXBuildFile; fileRef = B9BB81771E8B981C00A95E8E /* RemoteDatabaseAccessTest.swift */; };
		B9BB817A1E8B9EDD00A95E8E /* Core.framework in Frameworks */ = {isa = PBXBuildFile; fileRef = B9BB81791E8B9EDD00A95E8E /* Core.framework */; };
		B9CDDDFB1E8CC8B4004B0AD0 /* FIRUserMock.swift in Sources */ = {isa = PBXBuildFile; fileRef = B9CDDDFA1E8CC8B4004B0AD0 /* FIRUserMock.swift */; };
		B9CDDDFD1E8CE96C004B0AD0 /* DatabaseAccessErrorExtension.swift in Sources */ = {isa = PBXBuildFile; fileRef = B9CDDDFC1E8CE96C004B0AD0 /* DatabaseAccessErrorExtension.swift */; };
		B9E3266E1E851A7100084B38 /* ServiceProvider.framework in Frameworks */ = {isa = PBXBuildFile; fileRef = B9E326641E851A7100084B38 /* ServiceProvider.framework */; };
		B9E326751E851A7100084B38 /* ServiceProvider.h in Headers */ = {isa = PBXBuildFile; fileRef = B9E326671E851A7100084B38 /* ServiceProvider.h */; settings = {ATTRIBUTES = (Public, ); }; };
		B9E3267F1E851AD600084B38 /* AuthRemoteService.swift in Sources */ = {isa = PBXBuildFile; fileRef = B9E3267E1E851AD600084B38 /* AuthRemoteService.swift */; };
		B9E326811E851ADE00084B38 /* AuthRemoteServiceTest.swift in Sources */ = {isa = PBXBuildFile; fileRef = B9E326801E851ADE00084B38 /* AuthRemoteServiceTest.swift */; };
		B9F7965D1E8A0AE6005F645A /* ResourcePath.swift in Sources */ = {isa = PBXBuildFile; fileRef = B9F7965C1E8A0AE6005F645A /* ResourcePath.swift */; };
		B9F796631E8A20F3005F645A /* RemoteDatabase.swift in Sources */ = {isa = PBXBuildFile; fileRef = B9F796621E8A20F3005F645A /* RemoteDatabase.swift */; };
		B9F796701E8A27E1005F645A /* RemoteDatabaseMock.swift in Sources */ = {isa = PBXBuildFile; fileRef = B9F7966F1E8A27E1005F645A /* RemoteDatabaseMock.swift */; };
		B9F796771E8A2AA5005F645A /* RemoteDatabaseAccess.swift in Sources */ = {isa = PBXBuildFile; fileRef = B9F796761E8A2AA5005F645A /* RemoteDatabaseAccess.swift */; };
		B9F796791E8A2BF4005F645A /* RemoteDatabaseAccessMock.swift in Sources */ = {isa = PBXBuildFile; fileRef = B9F796781E8A2BF4005F645A /* RemoteDatabaseAccessMock.swift */; };
		B9F7967F1E8A3DC8005F645A /* RemoteDatabaseTest.swift in Sources */ = {isa = PBXBuildFile; fileRef = B9F7967E1E8A3DC8005F645A /* RemoteDatabaseTest.swift */; };
		B9F796811E8A55BA005F645A /* RemoteDatabaseSource.swift in Sources */ = {isa = PBXBuildFile; fileRef = B9F796801E8A55BA005F645A /* RemoteDatabaseSource.swift */; };
		F8E7EDE11D707C1D0E53FB4C /* Pods_UmalahokanApp_ServiceProvider_ServiceProviderTests.framework in Frameworks */ = {isa = PBXBuildFile; fileRef = B2FD20B100D2D46CB6704F14 /* Pods_UmalahokanApp_ServiceProvider_ServiceProviderTests.framework */; };
/* End PBXBuildFile section */

/* Begin PBXContainerItemProxy section */
		B9E3266F1E851A7100084B38 /* PBXContainerItemProxy */ = {
			isa = PBXContainerItemProxy;
			containerPortal = B9E3265B1E851A7100084B38 /* Project object */;
			proxyType = 1;
			remoteGlobalIDString = B9E326631E851A7100084B38;
			remoteInfo = ServiceProvider;
		};
/* End PBXContainerItemProxy section */

/* Begin PBXFileReference section */
		1A17F789C2311597E8003423 /* Pods_UmalahokanApp_ServiceProvider.framework */ = {isa = PBXFileReference; explicitFileType = wrapper.framework; includeInIndex = 0; path = Pods_UmalahokanApp_ServiceProvider.framework; sourceTree = BUILT_PRODUCTS_DIR; };
		3B350DA682748CBBFFAEF756 /* Pods-UmalahokanApp-ServiceProvider-ServiceProviderTests.debug.xcconfig */ = {isa = PBXFileReference; includeInIndex = 1; lastKnownFileType = text.xcconfig; name = "Pods-UmalahokanApp-ServiceProvider-ServiceProviderTests.debug.xcconfig"; path = "../Pods/Target Support Files/Pods-UmalahokanApp-ServiceProvider-ServiceProviderTests/Pods-UmalahokanApp-ServiceProvider-ServiceProviderTests.debug.xcconfig"; sourceTree = "<group>"; };
		427F46B0937CB083D1169737 /* Pods_ServiceProviderTests.framework */ = {isa = PBXFileReference; explicitFileType = wrapper.framework; includeInIndex = 0; path = Pods_ServiceProviderTests.framework; sourceTree = BUILT_PRODUCTS_DIR; };
		485AFBA84B707F7B1EFFC214 /* Pods-UmalahokanApp-ServiceProvider-ServiceProviderTests.release.xcconfig */ = {isa = PBXFileReference; includeInIndex = 1; lastKnownFileType = text.xcconfig; name = "Pods-UmalahokanApp-ServiceProvider-ServiceProviderTests.release.xcconfig"; path = "../Pods/Target Support Files/Pods-UmalahokanApp-ServiceProvider-ServiceProviderTests/Pods-UmalahokanApp-ServiceProvider-ServiceProviderTests.release.xcconfig"; sourceTree = "<group>"; };
		77AC40EE7E6E842F3764A56C /* Pods-ServiceProviderTests.debug.xcconfig */ = {isa = PBXFileReference; includeInIndex = 1; lastKnownFileType = text.xcconfig; name = "Pods-ServiceProviderTests.debug.xcconfig"; path = "../Pods/Target Support Files/Pods-ServiceProviderTests/Pods-ServiceProviderTests.debug.xcconfig"; sourceTree = "<group>"; };
		805BEAB255CB3090AE70485B /* Pods-UmalahokanApp-ServiceProvider.release.xcconfig */ = {isa = PBXFileReference; includeInIndex = 1; lastKnownFileType = text.xcconfig; name = "Pods-UmalahokanApp-ServiceProvider.release.xcconfig"; path = "../Pods/Target Support Files/Pods-UmalahokanApp-ServiceProvider/Pods-UmalahokanApp-ServiceProvider.release.xcconfig"; sourceTree = "<group>"; };
		A71F129002C0B64817BEAF56 /* Pods-UmalahokanApp-ServiceProvider.debug.xcconfig */ = {isa = PBXFileReference; includeInIndex = 1; lastKnownFileType = text.xcconfig; name = "Pods-UmalahokanApp-ServiceProvider.debug.xcconfig"; path = "../Pods/Target Support Files/Pods-UmalahokanApp-ServiceProvider/Pods-UmalahokanApp-ServiceProvider.debug.xcconfig"; sourceTree = "<group>"; };
		B28A545B70DF55276A1EBF98 /* Pods-ServiceProviderTests.release.xcconfig */ = {isa = PBXFileReference; includeInIndex = 1; lastKnownFileType = text.xcconfig; name = "Pods-ServiceProviderTests.release.xcconfig"; path = "../Pods/Target Support Files/Pods-ServiceProviderTests/Pods-ServiceProviderTests.release.xcconfig"; sourceTree = "<group>"; };
		B2FD20B100D2D46CB6704F14 /* Pods_UmalahokanApp_ServiceProvider_ServiceProviderTests.framework */ = {isa = PBXFileReference; explicitFileType = wrapper.framework; includeInIndex = 0; path = Pods_UmalahokanApp_ServiceProvider_ServiceProviderTests.framework; sourceTree = BUILT_PRODUCTS_DIR; };
		B970BFD91E8DF615009F010D /* DatabaseAccessErrorTest.swift */ = {isa = PBXFileReference; fileEncoding = 4; lastKnownFileType = sourcecode.swift; path = DatabaseAccessErrorTest.swift; sourceTree = "<group>"; };
		B970BFDB1E8E06E5009F010D /* CredentialList.swift */ = {isa = PBXFileReference; fileEncoding = 4; lastKnownFileType = sourcecode.swift; path = CredentialList.swift; sourceTree = "<group>"; };
		B970BFDE1E8E0751009F010D /* UserList.swift */ = {isa = PBXFileReference; fileEncoding = 4; lastKnownFileType = sourcecode.swift; path = UserList.swift; sourceTree = "<group>"; };
		B98299941E88FB3900624644 /* UserExtension.swift */ = {isa = PBXFileReference; fileEncoding = 4; lastKnownFileType = sourcecode.swift; path = UserExtension.swift; sourceTree = "<group>"; };
		B98299971E88FB7000624644 /* AuthServiceErrorExtension.swift */ = {isa = PBXFileReference; fileEncoding = 4; lastKnownFileType = sourcecode.swift; path = AuthServiceErrorExtension.swift; sourceTree = "<group>"; };
		B98299991E88FB8F00624644 /* FIRDataSnapshotExtension.swift */ = {isa = PBXFileReference; fileEncoding = 4; lastKnownFileType = sourcecode.swift; path = FIRDataSnapshotExtension.swift; sourceTree = "<group>"; };
		B992F6A41E863ACE00A997EA /* GoogleService-Info.plist */ = {isa = PBXFileReference; fileEncoding = 4; lastKnownFileType = text.plist.xml; name = "GoogleService-Info.plist"; path = "../../Umalahokan/GoogleService-Info.plist"; sourceTree = "<group>"; };
		B992F6B11E8644DA00A997EA /* FirebaseHelper.swift */ = {isa = PBXFileReference; fileEncoding = 4; lastKnownFileType = sourcecode.swift; path = FirebaseHelper.swift; sourceTree = "<group>"; };
		B9BB81661E8B5C5B00A95E8E /* UsersResourceTest.swift */ = {isa = PBXFileReference; fileEncoding = 4; lastKnownFileType = sourcecode.swift; path = UsersResourceTest.swift; sourceTree = "<group>"; };
		B9BB81691E8B5D3400A95E8E /* AuthServiceErrorTest.swift */ = {isa = PBXFileReference; fileEncoding = 4; lastKnownFileType = sourcecode.swift; path = AuthServiceErrorTest.swift; sourceTree = "<group>"; };
		B9BB816B1E8B7B9800A95E8E /* RemoteDatabaseSourceTest.swift */ = {isa = PBXFileReference; fileEncoding = 4; lastKnownFileType = sourcecode.swift; path = RemoteDatabaseSourceTest.swift; sourceTree = "<group>"; };
		B9BB816D1E8B7CA100A95E8E /* RemoteDatabaseSourceMock.swift */ = {isa = PBXFileReference; fileEncoding = 4; lastKnownFileType = sourcecode.swift; path = RemoteDatabaseSourceMock.swift; sourceTree = "<group>"; };
		B9BB816F1E8B7FFC00A95E8E /* FIRDataSnapshotMock.swift */ = {isa = PBXFileReference; fileEncoding = 4; lastKnownFileType = sourcecode.swift; path = FIRDataSnapshotMock.swift; sourceTree = "<group>"; };
		B9BB81711E8B802100A95E8E /* FIRDatabaseReferenceMock.swift */ = {isa = PBXFileReference; fileEncoding = 4; lastKnownFileType = sourcecode.swift; path = FIRDatabaseReferenceMock.swift; sourceTree = "<group>"; };
		B9BB81731E8B8EA100A95E8E /* FIRAuthMock.swift */ = {isa = PBXFileReference; fileEncoding = 4; lastKnownFileType = sourcecode.swift; path = FIRAuthMock.swift; sourceTree = "<group>"; };
		B9BB81771E8B981C00A95E8E /* RemoteDatabaseAccessTest.swift */ = {isa = PBXFileReference; fileEncoding = 4; lastKnownFileType = sourcecode.swift; path = RemoteDatabaseAccessTest.swift; sourceTree = "<group>"; };
		B9BB81791E8B9EDD00A95E8E /* Core.framework */ = {isa = PBXFileReference; lastKnownFileType = wrapper.framework; name = Core.framework; path = "../Core/build/Debug-iphoneos/Core.framework"; sourceTree = "<group>"; };
		B9CDDDFA1E8CC8B4004B0AD0 /* FIRUserMock.swift */ = {isa = PBXFileReference; fileEncoding = 4; lastKnownFileType = sourcecode.swift; path = FIRUserMock.swift; sourceTree = "<group>"; };
		B9CDDDFC1E8CE96C004B0AD0 /* DatabaseAccessErrorExtension.swift */ = {isa = PBXFileReference; fileEncoding = 4; lastKnownFileType = sourcecode.swift; path = DatabaseAccessErrorExtension.swift; sourceTree = "<group>"; };
		B9E326641E851A7100084B38 /* ServiceProvider.framework */ = {isa = PBXFileReference; explicitFileType = wrapper.framework; includeInIndex = 0; path = ServiceProvider.framework; sourceTree = BUILT_PRODUCTS_DIR; };
		B9E326671E851A7100084B38 /* ServiceProvider.h */ = {isa = PBXFileReference; lastKnownFileType = sourcecode.c.h; path = ServiceProvider.h; sourceTree = "<group>"; };
		B9E326681E851A7100084B38 /* Info.plist */ = {isa = PBXFileReference; lastKnownFileType = text.plist.xml; path = Info.plist; sourceTree = "<group>"; };
		B9E3266D1E851A7100084B38 /* ServiceProviderTests.xctest */ = {isa = PBXFileReference; explicitFileType = wrapper.cfbundle; includeInIndex = 0; path = ServiceProviderTests.xctest; sourceTree = BUILT_PRODUCTS_DIR; };
		B9E326741E851A7100084B38 /* Info.plist */ = {isa = PBXFileReference; lastKnownFileType = text.plist.xml; path = Info.plist; sourceTree = "<group>"; };
		B9E3267E1E851AD600084B38 /* AuthRemoteService.swift */ = {isa = PBXFileReference; fileEncoding = 4; lastKnownFileType = sourcecode.swift; path = AuthRemoteService.swift; sourceTree = "<group>"; };
		B9E326801E851ADE00084B38 /* AuthRemoteServiceTest.swift */ = {isa = PBXFileReference; fileEncoding = 4; lastKnownFileType = sourcecode.swift; path = AuthRemoteServiceTest.swift; sourceTree = "<group>"; };
		B9F7965C1E8A0AE6005F645A /* ResourcePath.swift */ = {isa = PBXFileReference; fileEncoding = 4; lastKnownFileType = sourcecode.swift; path = ResourcePath.swift; sourceTree = "<group>"; };
		B9F796621E8A20F3005F645A /* RemoteDatabase.swift */ = {isa = PBXFileReference; fileEncoding = 4; lastKnownFileType = sourcecode.swift; path = RemoteDatabase.swift; sourceTree = "<group>"; };
		B9F7966F1E8A27E1005F645A /* RemoteDatabaseMock.swift */ = {isa = PBXFileReference; fileEncoding = 4; lastKnownFileType = sourcecode.swift; path = RemoteDatabaseMock.swift; sourceTree = "<group>"; };
		B9F796761E8A2AA5005F645A /* RemoteDatabaseAccess.swift */ = {isa = PBXFileReference; fileEncoding = 4; lastKnownFileType = sourcecode.swift; path = RemoteDatabaseAccess.swift; sourceTree = "<group>"; };
		B9F796781E8A2BF4005F645A /* RemoteDatabaseAccessMock.swift */ = {isa = PBXFileReference; fileEncoding = 4; lastKnownFileType = sourcecode.swift; path = RemoteDatabaseAccessMock.swift; sourceTree = "<group>"; };
		B9F7967E1E8A3DC8005F645A /* RemoteDatabaseTest.swift */ = {isa = PBXFileReference; fileEncoding = 4; lastKnownFileType = sourcecode.swift; path = RemoteDatabaseTest.swift; sourceTree = "<group>"; };
		B9F796801E8A55BA005F645A /* RemoteDatabaseSource.swift */ = {isa = PBXFileReference; fileEncoding = 4; lastKnownFileType = sourcecode.swift; path = RemoteDatabaseSource.swift; sourceTree = "<group>"; };
/* End PBXFileReference section */

/* Begin PBXFrameworksBuildPhase section */
		B9E326601E851A7100084B38 /* Frameworks */ = {
			isa = PBXFrameworksBuildPhase;
			buildActionMask = 2147483647;
			files = (
				B9BB817A1E8B9EDD00A95E8E /* Core.framework in Frameworks */,
				3BE97A70C6F57EF0512C55D0 /* Pods_UmalahokanApp_ServiceProvider.framework in Frameworks */,
			);
			runOnlyForDeploymentPostprocessing = 0;
		};
		B9E3266A1E851A7100084B38 /* Frameworks */ = {
			isa = PBXFrameworksBuildPhase;
			buildActionMask = 2147483647;
			files = (
				B9E3266E1E851A7100084B38 /* ServiceProvider.framework in Frameworks */,
				F8E7EDE11D707C1D0E53FB4C /* Pods_UmalahokanApp_ServiceProvider_ServiceProviderTests.framework in Frameworks */,
				AD78E9B22D80F193B0522BD5 /* Pods_ServiceProviderTests.framework in Frameworks */,
			);
			runOnlyForDeploymentPostprocessing = 0;
		};
/* End PBXFrameworksBuildPhase section */

/* Begin PBXGroup section */
		08FF93673BBE06F8D9E08305 /* Frameworks */ = {
			isa = PBXGroup;
			children = (
				B9BB81791E8B9EDD00A95E8E /* Core.framework */,
				1A17F789C2311597E8003423 /* Pods_UmalahokanApp_ServiceProvider.framework */,
				B2FD20B100D2D46CB6704F14 /* Pods_UmalahokanApp_ServiceProvider_ServiceProviderTests.framework */,
				427F46B0937CB083D1169737 /* Pods_ServiceProviderTests.framework */,
			);
			name = Frameworks;
			sourceTree = "<group>";
		};
		56EDD29F956691320471B898 /* Pods */ = {
			isa = PBXGroup;
			children = (
				77AC40EE7E6E842F3764A56C /* Pods-ServiceProviderTests.debug.xcconfig */,
				B28A545B70DF55276A1EBF98 /* Pods-ServiceProviderTests.release.xcconfig */,
				A71F129002C0B64817BEAF56 /* Pods-UmalahokanApp-ServiceProvider.debug.xcconfig */,
				805BEAB255CB3090AE70485B /* Pods-UmalahokanApp-ServiceProvider.release.xcconfig */,
				3B350DA682748CBBFFAEF756 /* Pods-UmalahokanApp-ServiceProvider-ServiceProviderTests.debug.xcconfig */,
				485AFBA84B707F7B1EFFC214 /* Pods-UmalahokanApp-ServiceProvider-ServiceProviderTests.release.xcconfig */,
			);
			name = Pods;
			sourceTree = "<group>";
		};
		B970BFE01E8E076C009F010D /* List */ = {
			isa = PBXGroup;
			children = (
				B970BFDB1E8E06E5009F010D /* CredentialList.swift */,
				B970BFDE1E8E0751009F010D /* UserList.swift */,
			);
			name = List;
			sourceTree = "<group>";
		};
		B982998C1E88E54900624644 /* Util */ = {
			isa = PBXGroup;
			children = (
				B992F6B11E8644DA00A997EA /* FirebaseHelper.swift */,
				B9F7965C1E8A0AE6005F645A /* ResourcePath.swift */,
			);
			name = Util;
			sourceTree = "<group>";
		};
		B98299961E88FB4800624644 /* Extension */ = {
			isa = PBXGroup;
			children = (
				B98299971E88FB7000624644 /* AuthServiceErrorExtension.swift */,
				B9CDDDFC1E8CE96C004B0AD0 /* DatabaseAccessErrorExtension.swift */,
				B98299991E88FB8F00624644 /* FIRDataSnapshotExtension.swift */,
				B98299941E88FB3900624644 /* UserExtension.swift */,
			);
			name = Extension;
			sourceTree = "<group>";
		};
		B992F6A61E863AE000A997EA /* Support Files */ = {
			isa = PBXGroup;
			children = (
				B9E326671E851A7100084B38 /* ServiceProvider.h */,
				B992F6A41E863ACE00A997EA /* GoogleService-Info.plist */,
				B9E326681E851A7100084B38 /* Info.plist */,
			);
			name = "Support Files";
			sourceTree = "<group>";
		};
		B992F6A81E863B3400A997EA /* Support Files */ = {
			isa = PBXGroup;
			children = (
				B9E326741E851A7100084B38 /* Info.plist */,
			);
			name = "Support Files";
			sourceTree = "<group>";
		};
		B9BB81681E8B5C5F00A95E8E /* Util */ = {
			isa = PBXGroup;
			children = (
				B9BB81661E8B5C5B00A95E8E /* UsersResourceTest.swift */,
			);
			name = Util;
			sourceTree = "<group>";
		};
		B9E3265A1E851A7100084B38 = {
			isa = PBXGroup;
			children = (
				B9E326661E851A7100084B38 /* ServiceProvider */,
				B9E326711E851A7100084B38 /* ServiceProviderTests */,
				B9E326651E851A7100084B38 /* Products */,
				56EDD29F956691320471B898 /* Pods */,
				08FF93673BBE06F8D9E08305 /* Frameworks */,
			);
			sourceTree = "<group>";
		};
		B9E326651E851A7100084B38 /* Products */ = {
			isa = PBXGroup;
			children = (
				B9E326641E851A7100084B38 /* ServiceProvider.framework */,
				B9E3266D1E851A7100084B38 /* ServiceProviderTests.xctest */,
			);
			name = Products;
			sourceTree = "<group>";
		};
		B9E326661E851A7100084B38 /* ServiceProvider */ = {
			isa = PBXGroup;
			children = (
				B98299961E88FB4800624644 /* Extension */,
				B9F8CC471E851CB600B22B94 /* Remote */,
				B992F6A61E863AE000A997EA /* Support Files */,
				B982998C1E88E54900624644 /* Util */,
			);
			path = ServiceProvider;
			sourceTree = "<group>";
		};
		B9E326711E851A7100084B38 /* ServiceProviderTests */ = {
			isa = PBXGroup;
			children = (
				B9F7967D1E8A3310005F645A /* Database */,
				B9F796711E8A27E7005F645A /* Mock */,
				B9F8CC481E851CCB00B22B94 /* Remote */,
				B992F6A81E863B3400A997EA /* Support Files */,
				B9BB81681E8B5C5F00A95E8E /* Util */,
			);
			path = ServiceProviderTests;
			sourceTree = "<group>";
		};
		B9F7966D1E8A2652005F645A /* Services */ = {
			isa = PBXGroup;
			children = (
				B9E3267E1E851AD600084B38 /* AuthRemoteService.swift */,
			);
			name = Services;
			sourceTree = "<group>";
		};
		B9F7966E1E8A265A005F645A /* Database */ = {
			isa = PBXGroup;
			children = (
				B9F796621E8A20F3005F645A /* RemoteDatabase.swift */,
				B9F796761E8A2AA5005F645A /* RemoteDatabaseAccess.swift */,
				B9F796801E8A55BA005F645A /* RemoteDatabaseSource.swift */,
			);
			name = Database;
			sourceTree = "<group>";
		};
		B9F796711E8A27E7005F645A /* Mock */ = {
			isa = PBXGroup;
			children = (
				B9BB81731E8B8EA100A95E8E /* FIRAuthMock.swift */,
				B9BB81711E8B802100A95E8E /* FIRDatabaseReferenceMock.swift */,
				B9BB816F1E8B7FFC00A95E8E /* FIRDataSnapshotMock.swift */,
				B9CDDDFA1E8CC8B4004B0AD0 /* FIRUserMock.swift */,
				B9F796781E8A2BF4005F645A /* RemoteDatabaseAccessMock.swift */,
				B9F7966F1E8A27E1005F645A /* RemoteDatabaseMock.swift */,
				B9BB816D1E8B7CA100A95E8E /* RemoteDatabaseSourceMock.swift */,
				B970BFE01E8E076C009F010D /* List */,
			);
			name = Mock;
			sourceTree = "<group>";
		};
		B9F7967D1E8A3310005F645A /* Database */ = {
			isa = PBXGroup;
			children = (
				B9BB81771E8B981C00A95E8E /* RemoteDatabaseAccessTest.swift */,
				B9BB816B1E8B7B9800A95E8E /* RemoteDatabaseSourceTest.swift */,
				B9F7967E1E8A3DC8005F645A /* RemoteDatabaseTest.swift */,
				B970BFD91E8DF615009F010D /* DatabaseAccessErrorTest.swift */,
			);
			name = Database;
			sourceTree = "<group>";
		};
		B9F8CC471E851CB600B22B94 /* Remote */ = {
			isa = PBXGroup;
			children = (
				B9F7966E1E8A265A005F645A /* Database */,
				B9F7966D1E8A2652005F645A /* Services */,
			);
			name = Remote;
			sourceTree = "<group>";
		};
		B9F8CC481E851CCB00B22B94 /* Remote */ = {
			isa = PBXGroup;
			children = (
				B9E326801E851ADE00084B38 /* AuthRemoteServiceTest.swift */,
				B9BB81691E8B5D3400A95E8E /* AuthServiceErrorTest.swift */,
			);
			name = Remote;
			sourceTree = "<group>";
		};
/* End PBXGroup section */

/* Begin PBXHeadersBuildPhase section */
		B9E326611E851A7100084B38 /* Headers */ = {
			isa = PBXHeadersBuildPhase;
			buildActionMask = 2147483647;
			files = (
				B9E326751E851A7100084B38 /* ServiceProvider.h in Headers */,
			);
			runOnlyForDeploymentPostprocessing = 0;
		};
/* End PBXHeadersBuildPhase section */

/* Begin PBXNativeTarget section */
		B9E326631E851A7100084B38 /* ServiceProvider */ = {
			isa = PBXNativeTarget;
			buildConfigurationList = B9E326781E851A7100084B38 /* Build configuration list for PBXNativeTarget "ServiceProvider" */;
			buildPhases = (
				C95BE82668136E1FF1166272 /* [CP] Check Pods Manifest.lock */,
				B9E3265F1E851A7100084B38 /* Sources */,
				B9E326601E851A7100084B38 /* Frameworks */,
				B9E326611E851A7100084B38 /* Headers */,
				B9E326621E851A7100084B38 /* Resources */,
				8BA1331351012F22C48B7FB4 /* [CP] Copy Pods Resources */,
			);
			buildRules = (
			);
			dependencies = (
			);
			name = ServiceProvider;
			productName = ServiceProvider;
			productReference = B9E326641E851A7100084B38 /* ServiceProvider.framework */;
			productType = "com.apple.product-type.framework";
		};
		B9E3266C1E851A7100084B38 /* ServiceProviderTests */ = {
			isa = PBXNativeTarget;
			buildConfigurationList = B9E3267B1E851A7100084B38 /* Build configuration list for PBXNativeTarget "ServiceProviderTests" */;
			buildPhases = (
				EFD93F3F809CA15227D075F5 /* [CP] Check Pods Manifest.lock */,
				B9E326691E851A7100084B38 /* Sources */,
				B9E3266A1E851A7100084B38 /* Frameworks */,
				B9E3266B1E851A7100084B38 /* Resources */,
				8096A1B1D042C15268F752FE /* [CP] Embed Pods Frameworks */,
				F524B3F272C70590F1B2EB72 /* [CP] Copy Pods Resources */,
			);
			buildRules = (
			);
			dependencies = (
				B9E326701E851A7100084B38 /* PBXTargetDependency */,
			);
			name = ServiceProviderTests;
			productName = ServiceProviderTests;
			productReference = B9E3266D1E851A7100084B38 /* ServiceProviderTests.xctest */;
			productType = "com.apple.product-type.bundle.unit-test";
		};
/* End PBXNativeTarget section */

/* Begin PBXProject section */
		B9E3265B1E851A7100084B38 /* Project object */ = {
			isa = PBXProject;
			attributes = {
				LastSwiftUpdateCheck = 0800;
				LastUpgradeCheck = 0800;
				ORGANIZATIONNAME = Ner;
				TargetAttributes = {
					B9E326631E851A7100084B38 = {
						CreatedOnToolsVersion = 8.0;
						DevelopmentTeam = 4WBRGV5Z9M;
						LastSwiftMigration = 0800;
						ProvisioningStyle = Automatic;
					};
					B9E3266C1E851A7100084B38 = {
						CreatedOnToolsVersion = 8.0;
						DevelopmentTeam = 4WBRGV5Z9M;
						ProvisioningStyle = Automatic;
					};
				};
			};
			buildConfigurationList = B9E3265E1E851A7100084B38 /* Build configuration list for PBXProject "ServiceProvider" */;
			compatibilityVersion = "Xcode 3.2";
			developmentRegion = English;
			hasScannedForEncodings = 0;
			knownRegions = (
				en,
			);
			mainGroup = B9E3265A1E851A7100084B38;
			productRefGroup = B9E326651E851A7100084B38 /* Products */;
			projectDirPath = "";
			projectRoot = "";
			targets = (
				B9E326631E851A7100084B38 /* ServiceProvider */,
				B9E3266C1E851A7100084B38 /* ServiceProviderTests */,
			);
		};
/* End PBXProject section */

/* Begin PBXResourcesBuildPhase section */
		B9E326621E851A7100084B38 /* Resources */ = {
			isa = PBXResourcesBuildPhase;
			buildActionMask = 2147483647;
			files = (
				B992F6A51E863ACE00A997EA /* GoogleService-Info.plist in Resources */,
			);
			runOnlyForDeploymentPostprocessing = 0;
		};
		B9E3266B1E851A7100084B38 /* Resources */ = {
			isa = PBXResourcesBuildPhase;
			buildActionMask = 2147483647;
			files = (
			);
			runOnlyForDeploymentPostprocessing = 0;
		};
/* End PBXResourcesBuildPhase section */

/* Begin PBXShellScriptBuildPhase section */
		8096A1B1D042C15268F752FE /* [CP] Embed Pods Frameworks */ = {
			isa = PBXShellScriptBuildPhase;
			buildActionMask = 2147483647;
			files = (
			);
			inputPaths = (
			);
			name = "[CP] Embed Pods Frameworks";
			outputPaths = (
			);
			runOnlyForDeploymentPostprocessing = 0;
			shellPath = /bin/sh;
			shellScript = "\"${SRCROOT}/../Pods/Target Support Files/Pods-ServiceProviderTests/Pods-ServiceProviderTests-frameworks.sh\"\n";
			showEnvVarsInLog = 0;
		};
		8BA1331351012F22C48B7FB4 /* [CP] Copy Pods Resources */ = {
			isa = PBXShellScriptBuildPhase;
			buildActionMask = 2147483647;
			files = (
			);
			inputPaths = (
			);
			name = "[CP] Copy Pods Resources";
			outputPaths = (
			);
			runOnlyForDeploymentPostprocessing = 0;
			shellPath = /bin/sh;
			shellScript = "\"${SRCROOT}/../Pods/Target Support Files/Pods-UmalahokanApp-ServiceProvider/Pods-UmalahokanApp-ServiceProvider-resources.sh\"\n";
			showEnvVarsInLog = 0;
		};
		C95BE82668136E1FF1166272 /* [CP] Check Pods Manifest.lock */ = {
			isa = PBXShellScriptBuildPhase;
			buildActionMask = 2147483647;
			files = (
			);
			inputPaths = (
			);
			name = "[CP] Check Pods Manifest.lock";
			outputPaths = (
			);
			runOnlyForDeploymentPostprocessing = 0;
			shellPath = /bin/sh;
			shellScript = "diff \"${PODS_ROOT}/../Podfile.lock\" \"${PODS_ROOT}/Manifest.lock\" > /dev/null\nif [ $? != 0 ] ; then\n    # print error to STDERR\n    echo \"error: The sandbox is not in sync with the Podfile.lock. Run 'pod install' or update your CocoaPods installation.\" >&2\n    exit 1\nfi\n";
			showEnvVarsInLog = 0;
		};
		EFD93F3F809CA15227D075F5 /* [CP] Check Pods Manifest.lock */ = {
			isa = PBXShellScriptBuildPhase;
			buildActionMask = 2147483647;
			files = (
			);
			inputPaths = (
			);
			name = "[CP] Check Pods Manifest.lock";
			outputPaths = (
			);
			runOnlyForDeploymentPostprocessing = 0;
			shellPath = /bin/sh;
			shellScript = "diff \"${PODS_ROOT}/../Podfile.lock\" \"${PODS_ROOT}/Manifest.lock\" > /dev/null\nif [ $? != 0 ] ; then\n    # print error to STDERR\n    echo \"error: The sandbox is not in sync with the Podfile.lock. Run 'pod install' or update your CocoaPods installation.\" >&2\n    exit 1\nfi\n";
			showEnvVarsInLog = 0;
		};
		F524B3F272C70590F1B2EB72 /* [CP] Copy Pods Resources */ = {
			isa = PBXShellScriptBuildPhase;
			buildActionMask = 2147483647;
			files = (
			);
			inputPaths = (
			);
			name = "[CP] Copy Pods Resources";
			outputPaths = (
			);
			runOnlyForDeploymentPostprocessing = 0;
			shellPath = /bin/sh;
			shellScript = "\"${SRCROOT}/../Pods/Target Support Files/Pods-ServiceProviderTests/Pods-ServiceProviderTests-resources.sh\"\n";
			showEnvVarsInLog = 0;
		};
/* End PBXShellScriptBuildPhase section */

/* Begin PBXSourcesBuildPhase section */
		B9E3265F1E851A7100084B38 /* Sources */ = {
			isa = PBXSourcesBuildPhase;
			buildActionMask = 2147483647;
			files = (
				B9F7965D1E8A0AE6005F645A /* ResourcePath.swift in Sources */,
				B9CDDDFD1E8CE96C004B0AD0 /* DatabaseAccessErrorExtension.swift in Sources */,
				B98299981E88FB7000624644 /* AuthServiceErrorExtension.swift in Sources */,
				B9F796771E8A2AA5005F645A /* RemoteDatabaseAccess.swift in Sources */,
				B9F796811E8A55BA005F645A /* RemoteDatabaseSource.swift in Sources */,
				B992F6B21E8644DA00A997EA /* FirebaseHelper.swift in Sources */,
				B982999A1E88FB8F00624644 /* FIRDataSnapshotExtension.swift in Sources */,
				B9F796631E8A20F3005F645A /* RemoteDatabase.swift in Sources */,
				B98299951E88FB3900624644 /* UserExtension.swift in Sources */,
				B9E3267F1E851AD600084B38 /* AuthRemoteService.swift in Sources */,
			);
			runOnlyForDeploymentPostprocessing = 0;
		};
		B9E326691E851A7100084B38 /* Sources */ = {
			isa = PBXSourcesBuildPhase;
			buildActionMask = 2147483647;
			files = (
				B9F796701E8A27E1005F645A /* RemoteDatabaseMock.swift in Sources */,
				B9BB81721E8B802100A95E8E /* FIRDatabaseReferenceMock.swift in Sources */,
				B9F7967F1E8A3DC8005F645A /* RemoteDatabaseTest.swift in Sources */,
				B9BB816C1E8B7B9800A95E8E /* RemoteDatabaseSourceTest.swift in Sources */,
				B970BFDF1E8E0751009F010D /* UserList.swift in Sources */,
				B9BB81741E8B8EA100A95E8E /* FIRAuthMock.swift in Sources */,
				B9CDDDFB1E8CC8B4004B0AD0 /* FIRUserMock.swift in Sources */,
				B9BB816E1E8B7CA100A95E8E /* RemoteDatabaseSourceMock.swift in Sources */,
				B970BFDC1E8E06E5009F010D /* CredentialList.swift in Sources */,
				B970BFDA1E8DF615009F010D /* DatabaseAccessErrorTest.swift in Sources */,
				B9BB816A1E8B5D3400A95E8E /* AuthServiceErrorTest.swift in Sources */,
				B9BB81671E8B5C5B00A95E8E /* UsersResourceTest.swift in Sources */,
				B9BB81781E8B981C00A95E8E /* RemoteDatabaseAccessTest.swift in Sources */,
				B9BB81701E8B7FFC00A95E8E /* FIRDataSnapshotMock.swift in Sources */,
				B9F796791E8A2BF4005F645A /* RemoteDatabaseAccessMock.swift in Sources */,
				B9E326811E851ADE00084B38 /* AuthRemoteServiceTest.swift in Sources */,
			);
			runOnlyForDeploymentPostprocessing = 0;
		};
/* End PBXSourcesBuildPhase section */

/* Begin PBXTargetDependency section */
		B9E326701E851A7100084B38 /* PBXTargetDependency */ = {
			isa = PBXTargetDependency;
			target = B9E326631E851A7100084B38 /* ServiceProvider */;
			targetProxy = B9E3266F1E851A7100084B38 /* PBXContainerItemProxy */;
		};
/* End PBXTargetDependency section */

/* Begin XCBuildConfiguration section */
		B9E326761E851A7100084B38 /* Debug */ = {
			isa = XCBuildConfiguration;
			buildSettings = {
				ALWAYS_SEARCH_USER_PATHS = NO;
				CLANG_ANALYZER_NONNULL = YES;
				CLANG_CXX_LANGUAGE_STANDARD = "gnu++0x";
				CLANG_CXX_LIBRARY = "libc++";
				CLANG_ENABLE_MODULES = YES;
				CLANG_ENABLE_OBJC_ARC = YES;
				CLANG_WARN_BOOL_CONVERSION = YES;
				CLANG_WARN_CONSTANT_CONVERSION = YES;
				CLANG_WARN_DIRECT_OBJC_ISA_USAGE = YES_ERROR;
				CLANG_WARN_DOCUMENTATION_COMMENTS = YES;
				CLANG_WARN_EMPTY_BODY = YES;
				CLANG_WARN_ENUM_CONVERSION = YES;
				CLANG_WARN_INFINITE_RECURSION = YES;
				CLANG_WARN_INT_CONVERSION = YES;
				CLANG_WARN_OBJC_ROOT_CLASS = YES_ERROR;
				CLANG_WARN_SUSPICIOUS_MOVE = YES;
				CLANG_WARN_SUSPICIOUS_MOVES = YES;
				CLANG_WARN_UNREACHABLE_CODE = YES;
				CLANG_WARN__DUPLICATE_METHOD_MATCH = YES;
				"CODE_SIGN_IDENTITY[sdk=iphoneos*]" = "iPhone Developer";
				COPY_PHASE_STRIP = NO;
				CURRENT_PROJECT_VERSION = 1;
				DEBUG_INFORMATION_FORMAT = dwarf;
				ENABLE_STRICT_OBJC_MSGSEND = YES;
				ENABLE_TESTABILITY = YES;
				GCC_C_LANGUAGE_STANDARD = gnu99;
				GCC_DYNAMIC_NO_PIC = NO;
				GCC_NO_COMMON_BLOCKS = YES;
				GCC_OPTIMIZATION_LEVEL = 0;
				GCC_PREPROCESSOR_DEFINITIONS = (
					"DEBUG=1",
					"$(inherited)",
				);
				GCC_WARN_64_TO_32_BIT_CONVERSION = YES;
				GCC_WARN_ABOUT_RETURN_TYPE = YES_ERROR;
				GCC_WARN_UNDECLARED_SELECTOR = YES;
				GCC_WARN_UNINITIALIZED_AUTOS = YES_AGGRESSIVE;
				GCC_WARN_UNUSED_FUNCTION = YES;
				GCC_WARN_UNUSED_VARIABLE = YES;
				IPHONEOS_DEPLOYMENT_TARGET = 10.0;
				MTL_ENABLE_DEBUG_INFO = YES;
				ONLY_ACTIVE_ARCH = YES;
				SDKROOT = iphoneos;
				SWIFT_ACTIVE_COMPILATION_CONDITIONS = DEBUG;
				SWIFT_OPTIMIZATION_LEVEL = "-Onone";
				TARGETED_DEVICE_FAMILY = "1,2";
				VERSIONING_SYSTEM = "apple-generic";
				VERSION_INFO_PREFIX = "";
			};
			name = Debug;
		};
		B9E326771E851A7100084B38 /* Release */ = {
			isa = XCBuildConfiguration;
			buildSettings = {
				ALWAYS_SEARCH_USER_PATHS = NO;
				CLANG_ANALYZER_NONNULL = YES;
				CLANG_CXX_LANGUAGE_STANDARD = "gnu++0x";
				CLANG_CXX_LIBRARY = "libc++";
				CLANG_ENABLE_MODULES = YES;
				CLANG_ENABLE_OBJC_ARC = YES;
				CLANG_WARN_BOOL_CONVERSION = YES;
				CLANG_WARN_CONSTANT_CONVERSION = YES;
				CLANG_WARN_DIRECT_OBJC_ISA_USAGE = YES_ERROR;
				CLANG_WARN_DOCUMENTATION_COMMENTS = YES;
				CLANG_WARN_EMPTY_BODY = YES;
				CLANG_WARN_ENUM_CONVERSION = YES;
				CLANG_WARN_INFINITE_RECURSION = YES;
				CLANG_WARN_INT_CONVERSION = YES;
				CLANG_WARN_OBJC_ROOT_CLASS = YES_ERROR;
				CLANG_WARN_SUSPICIOUS_MOVE = YES;
				CLANG_WARN_SUSPICIOUS_MOVES = YES;
				CLANG_WARN_UNREACHABLE_CODE = YES;
				CLANG_WARN__DUPLICATE_METHOD_MATCH = YES;
				"CODE_SIGN_IDENTITY[sdk=iphoneos*]" = "iPhone Developer";
				COPY_PHASE_STRIP = NO;
				CURRENT_PROJECT_VERSION = 1;
				DEBUG_INFORMATION_FORMAT = "dwarf-with-dsym";
				ENABLE_NS_ASSERTIONS = NO;
				ENABLE_STRICT_OBJC_MSGSEND = YES;
				GCC_C_LANGUAGE_STANDARD = gnu99;
				GCC_NO_COMMON_BLOCKS = YES;
				GCC_WARN_64_TO_32_BIT_CONVERSION = YES;
				GCC_WARN_ABOUT_RETURN_TYPE = YES_ERROR;
				GCC_WARN_UNDECLARED_SELECTOR = YES;
				GCC_WARN_UNINITIALIZED_AUTOS = YES_AGGRESSIVE;
				GCC_WARN_UNUSED_FUNCTION = YES;
				GCC_WARN_UNUSED_VARIABLE = YES;
				IPHONEOS_DEPLOYMENT_TARGET = 10.0;
				MTL_ENABLE_DEBUG_INFO = NO;
				SDKROOT = iphoneos;
				SWIFT_OPTIMIZATION_LEVEL = "-Owholemodule";
				TARGETED_DEVICE_FAMILY = "1,2";
				VALIDATE_PRODUCT = YES;
				VERSIONING_SYSTEM = "apple-generic";
				VERSION_INFO_PREFIX = "";
			};
			name = Release;
		};
		B9E326791E851A7100084B38 /* Debug */ = {
			isa = XCBuildConfiguration;
			baseConfigurationReference = A71F129002C0B64817BEAF56 /* Pods-UmalahokanApp-ServiceProvider.debug.xcconfig */;
			buildSettings = {
				CLANG_ENABLE_MODULES = YES;
				CODE_SIGN_IDENTITY = "";
				DEFINES_MODULE = YES;
				DEVELOPMENT_TEAM = 4WBRGV5Z9M;
				DYLIB_COMPATIBILITY_VERSION = 1;
				DYLIB_CURRENT_VERSION = 1;
				DYLIB_INSTALL_NAME_BASE = "@rpath";
				INFOPLIST_FILE = ServiceProvider/Info.plist;
				INSTALL_PATH = "$(LOCAL_LIBRARY_DIR)/Frameworks";
				LD_RUNPATH_SEARCH_PATHS = "$(inherited) @executable_path/Frameworks @loader_path/Frameworks";
				PRODUCT_BUNDLE_IDENTIFIER = com.ner.Umalahokan.ServiceProvider;
				PRODUCT_NAME = "$(TARGET_NAME)";
				SKIP_INSTALL = YES;
				SWIFT_OPTIMIZATION_LEVEL = "-Onone";
				SWIFT_VERSION = 3.0;
			};
			name = Debug;
		};
		B9E3267A1E851A7100084B38 /* Release */ = {
			isa = XCBuildConfiguration;
			baseConfigurationReference = 805BEAB255CB3090AE70485B /* Pods-UmalahokanApp-ServiceProvider.release.xcconfig */;
			buildSettings = {
				CLANG_ENABLE_MODULES = YES;
				CODE_SIGN_IDENTITY = "";
				DEFINES_MODULE = YES;
				DEVELOPMENT_TEAM = 4WBRGV5Z9M;
				DYLIB_COMPATIBILITY_VERSION = 1;
				DYLIB_CURRENT_VERSION = 1;
				DYLIB_INSTALL_NAME_BASE = "@rpath";
				INFOPLIST_FILE = ServiceProvider/Info.plist;
				INSTALL_PATH = "$(LOCAL_LIBRARY_DIR)/Frameworks";
				LD_RUNPATH_SEARCH_PATHS = "$(inherited) @executable_path/Frameworks @loader_path/Frameworks";
				PRODUCT_BUNDLE_IDENTIFIER = com.ner.Umalahokan.ServiceProvider;
				PRODUCT_NAME = "$(TARGET_NAME)";
				SKIP_INSTALL = YES;
				SWIFT_VERSION = 3.0;
			};
			name = Release;
		};
		B9E3267C1E851A7100084B38 /* Debug */ = {
			isa = XCBuildConfiguration;
			baseConfigurationReference = 77AC40EE7E6E842F3764A56C /* Pods-ServiceProviderTests.debug.xcconfig */;
			buildSettings = {
				ALWAYS_EMBED_SWIFT_STANDARD_LIBRARIES = YES;
				DEVELOPMENT_TEAM = 4WBRGV5Z9M;
				INFOPLIST_FILE = ServiceProviderTests/Info.plist;
				LD_RUNPATH_SEARCH_PATHS = "$(inherited) @executable_path/Frameworks @loader_path/Frameworks";
				PRODUCT_BUNDLE_IDENTIFIER = com.ner.Umalahokan.ServiceProviderTests;
				PRODUCT_NAME = "$(TARGET_NAME)";
				SWIFT_VERSION = 3.0;
			};
			name = Debug;
		};
		B9E3267D1E851A7100084B38 /* Release */ = {
			isa = XCBuildConfiguration;
			baseConfigurationReference = B28A545B70DF55276A1EBF98 /* Pods-ServiceProviderTests.release.xcconfig */;
			buildSettings = {
				ALWAYS_EMBED_SWIFT_STANDARD_LIBRARIES = YES;
				DEVELOPMENT_TEAM = 4WBRGV5Z9M;
				INFOPLIST_FILE = ServiceProviderTests/Info.plist;
				LD_RUNPATH_SEARCH_PATHS = "$(inherited) @executable_path/Frameworks @loader_path/Frameworks";
				PRODUCT_BUNDLE_IDENTIFIER = com.ner.Umalahokan.ServiceProviderTests;
				PRODUCT_NAME = "$(TARGET_NAME)";
				SWIFT_VERSION = 3.0;
			};
			name = Release;
		};
/* End XCBuildConfiguration section */

/* Begin XCConfigurationList section */
		B9E3265E1E851A7100084B38 /* Build configuration list for PBXProject "ServiceProvider" */ = {
			isa = XCConfigurationList;
			buildConfigurations = (
				B9E326761E851A7100084B38 /* Debug */,
				B9E326771E851A7100084B38 /* Release */,
			);
			defaultConfigurationIsVisible = 0;
			defaultConfigurationName = Release;
		};
		B9E326781E851A7100084B38 /* Build configuration list for PBXNativeTarget "ServiceProvider" */ = {
			isa = XCConfigurationList;
			buildConfigurations = (
				B9E326791E851A7100084B38 /* Debug */,
				B9E3267A1E851A7100084B38 /* Release */,
			);
			defaultConfigurationIsVisible = 0;
			defaultConfigurationName = Release;
		};
		B9E3267B1E851A7100084B38 /* Build configuration list for PBXNativeTarget "ServiceProviderTests" */ = {
			isa = XCConfigurationList;
			buildConfigurations = (
				B9E3267C1E851A7100084B38 /* Debug */,
				B9E3267D1E851A7100084B38 /* Release */,
			);
			defaultConfigurationIsVisible = 0;
			defaultConfigurationName = Release;
		};
/* End XCConfigurationList section */
	};
	rootObject = B9E3265B1E851A7100084B38 /* Project object */;
}
